pub mod vortex_row

pub struct vortex_row::RowEncode

impl core::clone::Clone for vortex_row::RowEncode

pub fn vortex_row::RowEncode::clone(&self) -> vortex_row::RowEncode

impl core::fmt::Debug for vortex_row::RowEncode

pub fn vortex_row::RowEncode::fmt(&self, &mut core::fmt::Formatter<'_>) -> core::fmt::Result

impl vortex_array::scalar_fn::vtable::ScalarFnVTable for vortex_row::RowEncode

pub type vortex_row::RowEncode::Options = vortex_row::RowEncodingOptions

pub fn vortex_row::RowEncode::arity(&self, &Self::Options) -> vortex_array::scalar_fn::vtable::Arity

pub fn vortex_row::RowEncode::child_name(&self, &Self::Options, usize) -> vortex_array::scalar_fn::vtable::ChildName

pub fn vortex_row::RowEncode::deserialize(&self, &[u8], &vortex_session::VortexSession) -> vortex_error::VortexResult<Self::Options>

pub fn vortex_row::RowEncode::execute(&self, &Self::Options, &dyn vortex_array::scalar_fn::vtable::ExecutionArgs, &mut vortex_array::executor::ExecutionCtx) -> vortex_error::VortexResult<vortex_array::array::erased::ArrayRef>

pub fn vortex_row::RowEncode::id(&self) -> vortex_array::scalar_fn::ScalarFnId

pub fn vortex_row::RowEncode::is_fallible(&self, &Self::Options) -> bool

pub fn vortex_row::RowEncode::is_null_sensitive(&self, &Self::Options) -> bool

pub fn vortex_row::RowEncode::return_dtype(&self, &Self::Options, &[vortex_array::dtype::DType]) -> vortex_error::VortexResult<vortex_array::dtype::DType>

pub fn vortex_row::RowEncode::serialize(&self, &Self::Options) -> vortex_error::VortexResult<core::option::Option<alloc::vec::Vec<u8>>>

pub struct vortex_row::RowEncoder

impl vortex_row::RowEncoder

pub fn vortex_row::RowEncoder::encode(&self, &[vortex_array::array::erased::ArrayRef], &mut vortex_array::executor::ExecutionCtx) -> vortex_error::VortexResult<vortex_array::arrays::listview::vtable::ListViewArray>

pub fn vortex_row::RowEncoder::new(impl core::iter::traits::collect::IntoIterator<Item = vortex_row::RowSortField>) -> Self

pub fn vortex_row::RowEncoder::options(&self) -> core::option::Option<&vortex_row::RowEncodingOptions>

pub fn vortex_row::RowEncoder::row_sizes(&self, &[vortex_array::array::erased::ArrayRef], &mut vortex_array::executor::ExecutionCtx) -> vortex_error::VortexResult<vortex_array::array::erased::ArrayRef>

pub fn vortex_row::RowEncoder::with_options(vortex_row::RowEncodingOptions) -> Self

impl core::clone::Clone for vortex_row::RowEncoder

pub fn vortex_row::RowEncoder::clone(&self) -> vortex_row::RowEncoder

impl core::cmp::Eq for vortex_row::RowEncoder

impl core::cmp::PartialEq for vortex_row::RowEncoder

pub fn vortex_row::RowEncoder::eq(&self, &vortex_row::RowEncoder) -> bool

impl core::default::Default for vortex_row::RowEncoder

pub fn vortex_row::RowEncoder::default() -> vortex_row::RowEncoder

impl core::fmt::Debug for vortex_row::RowEncoder

pub fn vortex_row::RowEncoder::fmt(&self, &mut core::fmt::Formatter<'_>) -> core::fmt::Result

impl core::hash::Hash for vortex_row::RowEncoder

pub fn vortex_row::RowEncoder::hash<__H: core::hash::Hasher>(&self, &mut __H)

impl core::marker::StructuralPartialEq for vortex_row::RowEncoder

pub struct vortex_row::RowEncodingOptions

impl vortex_row::RowEncodingOptions

pub fn vortex_row::RowEncodingOptions::default_for_columns(usize) -> Self

pub fn vortex_row::RowEncodingOptions::fields(&self) -> &[vortex_row::RowSortField]

pub fn vortex_row::RowEncodingOptions::is_empty(&self) -> bool

pub fn vortex_row::RowEncodingOptions::len(&self) -> usize

pub fn vortex_row::RowEncodingOptions::new(impl core::iter::traits::collect::IntoIterator<Item = vortex_row::RowSortField>) -> Self

impl core::clone::Clone for vortex_row::RowEncodingOptions

pub fn vortex_row::RowEncodingOptions::clone(&self) -> vortex_row::RowEncodingOptions

impl core::cmp::Eq for vortex_row::RowEncodingOptions

impl core::cmp::PartialEq for vortex_row::RowEncodingOptions

pub fn vortex_row::RowEncodingOptions::eq(&self, &vortex_row::RowEncodingOptions) -> bool

impl core::fmt::Debug for vortex_row::RowEncodingOptions

pub fn vortex_row::RowEncodingOptions::fmt(&self, &mut core::fmt::Formatter<'_>) -> core::fmt::Result

impl core::fmt::Display for vortex_row::RowEncodingOptions

pub fn vortex_row::RowEncodingOptions::fmt(&self, &mut core::fmt::Formatter<'_>) -> core::fmt::Result

impl core::hash::Hash for vortex_row::RowEncodingOptions

pub fn vortex_row::RowEncodingOptions::hash<__H: core::hash::Hasher>(&self, &mut __H)

impl core::iter::traits::collect::FromIterator<vortex_row::RowSortField> for vortex_row::RowEncodingOptions

pub fn vortex_row::RowEncodingOptions::from_iter<T: core::iter::traits::collect::IntoIterator<Item = vortex_row::RowSortField>>(T) -> Self

impl core::marker::StructuralPartialEq for vortex_row::RowEncodingOptions

pub struct vortex_row::RowSize

impl core::clone::Clone for vortex_row::RowSize

pub fn vortex_row::RowSize::clone(&self) -> vortex_row::RowSize

impl core::fmt::Debug for vortex_row::RowSize

pub fn vortex_row::RowSize::fmt(&self, &mut core::fmt::Formatter<'_>) -> core::fmt::Result

impl vortex_array::scalar_fn::vtable::ScalarFnVTable for vortex_row::RowSize

pub type vortex_row::RowSize::Options = vortex_row::RowEncodingOptions

pub fn vortex_row::RowSize::arity(&self, &Self::Options) -> vortex_array::scalar_fn::vtable::Arity

pub fn vortex_row::RowSize::child_name(&self, &Self::Options, usize) -> vortex_array::scalar_fn::vtable::ChildName

pub fn vortex_row::RowSize::deserialize(&self, &[u8], &vortex_session::VortexSession) -> vortex_error::VortexResult<Self::Options>

pub fn vortex_row::RowSize::execute(&self, &Self::Options, &dyn vortex_array::scalar_fn::vtable::ExecutionArgs, &mut vortex_array::executor::ExecutionCtx) -> vortex_error::VortexResult<vortex_array::array::erased::ArrayRef>

pub fn vortex_row::RowSize::id(&self) -> vortex_array::scalar_fn::ScalarFnId

pub fn vortex_row::RowSize::is_fallible(&self, &Self::Options) -> bool

pub fn vortex_row::RowSize::is_null_sensitive(&self, &Self::Options) -> bool

pub fn vortex_row::RowSize::return_dtype(&self, &Self::Options, &[vortex_array::dtype::DType]) -> vortex_error::VortexResult<vortex_array::dtype::DType>

pub fn vortex_row::RowSize::serialize(&self, &Self::Options) -> vortex_error::VortexResult<core::option::Option<alloc::vec::Vec<u8>>>

pub struct vortex_row::RowSortField

pub vortex_row::RowSortField::descending: bool

pub vortex_row::RowSortField::nulls_first: bool

impl vortex_row::RowSortField

pub const fn vortex_row::RowSortField::ascending() -> Self

pub const fn vortex_row::RowSortField::descending() -> Self

pub const fn vortex_row::RowSortField::new(bool, bool) -> Self

pub const fn vortex_row::RowSortField::nulls_first(self) -> Self

pub const fn vortex_row::RowSortField::nulls_last(self) -> Self

impl core::clone::Clone for vortex_row::RowSortField

pub fn vortex_row::RowSortField::clone(&self) -> vortex_row::RowSortField

impl core::cmp::Eq for vortex_row::RowSortField

impl core::cmp::PartialEq for vortex_row::RowSortField

pub fn vortex_row::RowSortField::eq(&self, &vortex_row::RowSortField) -> bool

impl core::default::Default for vortex_row::RowSortField

pub fn vortex_row::RowSortField::default() -> Self

impl core::fmt::Debug for vortex_row::RowSortField

pub fn vortex_row::RowSortField::fmt(&self, &mut core::fmt::Formatter<'_>) -> core::fmt::Result

impl core::fmt::Display for vortex_row::RowSortField

pub fn vortex_row::RowSortField::fmt(&self, &mut core::fmt::Formatter<'_>) -> core::fmt::Result

impl core::hash::Hash for vortex_row::RowSortField

pub fn vortex_row::RowSortField::hash<__H: core::hash::Hasher>(&self, &mut __H)

impl core::iter::traits::collect::FromIterator<vortex_row::RowSortField> for vortex_row::RowEncodingOptions

pub fn vortex_row::RowEncodingOptions::from_iter<T: core::iter::traits::collect::IntoIterator<Item = vortex_row::RowSortField>>(T) -> Self

impl core::marker::Copy for vortex_row::RowSortField

impl core::marker::StructuralPartialEq for vortex_row::RowSortField

pub fn vortex_row::compute_row_sizes(&[vortex_array::array::erased::ArrayRef], &[vortex_row::RowSortField], &mut vortex_array::executor::ExecutionCtx) -> vortex_error::VortexResult<vortex_array::array::erased::ArrayRef>

pub fn vortex_row::compute_row_sizes_with_options(&[vortex_array::array::erased::ArrayRef], &vortex_row::RowEncodingOptions, &mut vortex_array::executor::ExecutionCtx) -> vortex_error::VortexResult<vortex_array::array::erased::ArrayRef>

pub fn vortex_row::convert_columns(&[vortex_array::array::erased::ArrayRef], &[vortex_row::RowSortField], &mut vortex_array::executor::ExecutionCtx) -> vortex_error::VortexResult<vortex_array::arrays::listview::vtable::ListViewArray>

pub fn vortex_row::convert_columns_with_options(&[vortex_array::array::erased::ArrayRef], &vortex_row::RowEncodingOptions, &mut vortex_array::executor::ExecutionCtx) -> vortex_error::VortexResult<vortex_array::arrays::listview::vtable::ListViewArray>

pub fn vortex_row::initialize(&vortex_session::VortexSession)
