pub mod vortex_fastlanes

pub mod vortex_fastlanes::bit_transpose

pub fn vortex_fastlanes::bit_transpose::transpose_bitbuffer(bits: vortex_buffer::bit::buf::BitBuffer) -> vortex_buffer::bit::buf::BitBuffer

pub fn vortex_fastlanes::bit_transpose::transpose_bits(input: &[u8; 128], output: &mut [u8; 128])

pub fn vortex_fastlanes::bit_transpose::transpose_validity(validity: &vortex_array::validity::Validity, ctx: &mut vortex_array::executor::ExecutionCtx) -> vortex_error::VortexResult<vortex_array::validity::Validity>

pub fn vortex_fastlanes::bit_transpose::untranspose_bitbuffer(bits: vortex_buffer::bit::buf::BitBuffer) -> vortex_buffer::bit::buf::BitBuffer

pub fn vortex_fastlanes::bit_transpose::untranspose_bits(input: &[u8; 128], output: &mut [u8; 128])

pub fn vortex_fastlanes::bit_transpose::untranspose_validity(validity: &vortex_array::validity::Validity, ctx: &mut vortex_array::executor::ExecutionCtx) -> vortex_error::VortexResult<vortex_array::validity::Validity>

pub mod vortex_fastlanes::bitpack_compress

pub fn vortex_fastlanes::bitpack_compress::bit_width_histogram(array: vortex_array::array::view::ArrayView<'_, vortex_array::arrays::primitive::vtable::Primitive>, ctx: &mut vortex_array::executor::ExecutionCtx) -> vortex_error::VortexResult<alloc::vec::Vec<usize>>

pub fn vortex_fastlanes::bitpack_compress::bitpack_encode(array: &vortex_array::arrays::primitive::vtable::PrimitiveArray, bit_width: u8, bit_width_freq: core::option::Option<&[usize]>, ctx: &mut vortex_array::executor::ExecutionCtx) -> vortex_error::VortexResult<vortex_fastlanes::BitPackedArray>

pub unsafe fn vortex_fastlanes::bitpack_compress::bitpack_encode_unchecked(array: vortex_array::arrays::primitive::vtable::PrimitiveArray, bit_width: u8) -> vortex_error::VortexResult<vortex_fastlanes::BitPackedArray>

pub fn vortex_fastlanes::bitpack_compress::bitpack_primitive<T: vortex_array::dtype::ptype::NativePType + fastlanes::bitpacking::BitPacking>(array: &[T], bit_width: u8) -> vortex_buffer::buffer::Buffer<T>

pub fn vortex_fastlanes::bitpack_compress::bitpack_to_best_bit_width(array: &vortex_array::arrays::primitive::vtable::PrimitiveArray, ctx: &mut vortex_array::executor::ExecutionCtx) -> vortex_error::VortexResult<vortex_fastlanes::BitPackedArray>

pub unsafe fn vortex_fastlanes::bitpack_compress::bitpack_unchecked(parray: &vortex_array::arrays::primitive::vtable::PrimitiveArray, bit_width: u8) -> vortex_buffer::ByteBuffer

pub fn vortex_fastlanes::bitpack_compress::find_best_bit_width(ptype: vortex_array::dtype::ptype::PType, bit_width_freq: &[usize]) -> vortex_error::VortexResult<u8>

pub fn vortex_fastlanes::bitpack_compress::gather_patches(parray: &vortex_array::arrays::primitive::vtable::PrimitiveArray, bit_width: u8, num_exceptions_hint: usize, ctx: &mut vortex_array::executor::ExecutionCtx) -> vortex_error::VortexResult<core::option::Option<vortex_array::patches::Patches>>

pub mod vortex_fastlanes::bitpack_decompress

pub fn vortex_fastlanes::bitpack_decompress::apply_patches_to_uninit_range<T: vortex_array::dtype::ptype::NativePType>(dst: &mut vortex_array::builders::primitive::UninitRange<'_, T>, patches: &vortex_array::patches::Patches, ctx: &mut vortex_array::executor::ExecutionCtx) -> vortex_error::VortexResult<()>

pub fn vortex_fastlanes::bitpack_decompress::apply_patches_to_uninit_range_fn<T: vortex_array::dtype::ptype::NativePType, F: core::ops::function::Fn(T) -> T>(dst: &mut vortex_array::builders::primitive::UninitRange<'_, T>, patches: &vortex_array::patches::Patches, ctx: &mut vortex_array::executor::ExecutionCtx, f: F) -> vortex_error::VortexResult<()>

pub fn vortex_fastlanes::bitpack_decompress::count_exceptions(bit_width: u8, bit_width_freq: &[usize]) -> usize

pub fn vortex_fastlanes::bitpack_decompress::unpack_array(array: vortex_array::array::view::ArrayView<'_, vortex_fastlanes::BitPacked>, ctx: &mut vortex_array::executor::ExecutionCtx) -> vortex_error::VortexResult<vortex_array::arrays::primitive::vtable::PrimitiveArray>

pub fn vortex_fastlanes::bitpack_decompress::unpack_primitive_array<T: vortex_fastlanes::unpack_iter::BitPacked>(array: vortex_array::array::view::ArrayView<'_, vortex_fastlanes::BitPacked>, ctx: &mut vortex_array::executor::ExecutionCtx) -> vortex_error::VortexResult<vortex_array::arrays::primitive::vtable::PrimitiveArray>

pub fn vortex_fastlanes::bitpack_decompress::unpack_single(array: vortex_array::array::view::ArrayView<'_, vortex_fastlanes::BitPacked>, index: usize) -> vortex_array::scalar::Scalar

pub unsafe fn vortex_fastlanes::bitpack_decompress::unpack_single_primitive<T: vortex_array::dtype::ptype::NativePType + fastlanes::bitpacking::BitPacking>(packed: &[T], bit_width: usize, index_to_decode: usize) -> T

pub mod vortex_fastlanes::unpack_iter

pub struct vortex_fastlanes::unpack_iter::BitPackingStrategy

impl<T: vortex_array::dtype::ptype::PhysicalPType<Physicalfastlanes::bitpacking::BitPacking>> vortex_fastlanes::unpack_iter::UnpackStrategy<T> for vortex_fastlanes::unpack_iter::BitPackingStrategy

pub unsafe fn vortex_fastlanes::unpack_iter::BitPackingStrategy::unpack_chunk(&self, bit_width: usize, chunk: &[<T as vortex_array::dtype::ptype::PhysicalPType>::Physical], dst: &mut [<T as vortex_array::dtype::ptype::PhysicalPType>::Physical])

pub struct vortex_fastlanes::unpack_iter::BitUnpackIterator<'a, T: vortex_fastlanes::unpack_iter::BitPacked + 'a>

impl<'a, T: vortex_fastlanes::unpack_iter::BitPacked> vortex_fastlanes::unpack_iter::BitUnpackIterator<'a, T>

pub fn vortex_fastlanes::unpack_iter::BitUnpackIterator<'a, T>::new(packed: &'a [<T as vortex_array::dtype::ptype::PhysicalPType>::Physical], buffer: &'a mut [core::mem::maybe_uninit::MaybeUninit<T>; 1024], bit_width: usize, elems_per_chunk: usize, num_chunks: usize, first_chunk_is_sliced: bool) -> Self

impl<'a, T: vortex_fastlanes::unpack_iter::BitPacked + 'a> lending_iterator::lending_iterator::LendingIterator for vortex_fastlanes::unpack_iter::BitUnpackIterator<'a, T>

pub fn vortex_fastlanes::unpack_iter::BitUnpackIterator<'a, T>::next(&mut self) -> core::option::Option<lending_iterator::lending_iterator::Item<'_, Self>>

impl<'next, 'a, T: vortex_fastlanes::unpack_iter::BitPacked + 'a> lending_iterator::lending_iterator::LendingIteratorඞItem<'next> for vortex_fastlanes::unpack_iter::BitUnpackIterator<'a, T>

pub type vortex_fastlanes::unpack_iter::BitUnpackIterator<'a, T>::T = &'next mut [T; 1024]

pub struct vortex_fastlanes::unpack_iter::UnpackedChunks<T: vortex_array::dtype::ptype::PhysicalPType, S: vortex_fastlanes::unpack_iter::UnpackStrategy<T>>

impl<T: vortex_array::dtype::ptype::PhysicalPType, S: vortex_fastlanes::unpack_iter::UnpackStrategy<T>> vortex_fastlanes::unpack_iter::UnpackedChunks<T, S>

pub fn vortex_fastlanes::unpack_iter::UnpackedChunks<T, S>::decode_into(&mut self, output: &mut [core::mem::maybe_uninit::MaybeUninit<T>])

pub fn vortex_fastlanes::unpack_iter::UnpackedChunks<T, S>::initial(&mut self) -> core::option::Option<&mut [T]>

pub fn vortex_fastlanes::unpack_iter::UnpackedChunks<T, S>::trailer(&mut self) -> core::option::Option<&mut [T]>

pub fn vortex_fastlanes::unpack_iter::UnpackedChunks<T, S>::try_new_with_strategy(strategy: S, packed: vortex_buffer::ByteBuffer, bit_width: usize, offset: usize, len: usize) -> vortex_error::VortexResult<Self>

impl<T: vortex_fastlanes::unpack_iter::BitPacked> vortex_fastlanes::unpack_iter::UnpackedChunks<T, vortex_fastlanes::unpack_iter::BitPackingStrategy>

pub fn vortex_fastlanes::unpack_iter::UnpackedChunks<T, vortex_fastlanes::unpack_iter::BitPackingStrategy>::full_chunks(&mut self) -> vortex_fastlanes::unpack_iter::BitUnpackIterator<'_, T>

pub fn vortex_fastlanes::unpack_iter::UnpackedChunks<T, vortex_fastlanes::unpack_iter::BitPackingStrategy>::try_new(array: &vortex_fastlanes::BitPackedData, len: usize) -> vortex_error::VortexResult<Self>

pub trait vortex_fastlanes::unpack_iter::BitPacked: vortex_array::dtype::ptype::PhysicalPType<Physicalfastlanes::bitpacking::BitPacking>

impl vortex_fastlanes::unpack_iter::BitPacked for i16

impl vortex_fastlanes::unpack_iter::BitPacked for i32

impl vortex_fastlanes::unpack_iter::BitPacked for i64

impl vortex_fastlanes::unpack_iter::BitPacked for i8

impl vortex_fastlanes::unpack_iter::BitPacked for u16

impl vortex_fastlanes::unpack_iter::BitPacked for u32

impl vortex_fastlanes::unpack_iter::BitPacked for u64

impl vortex_fastlanes::unpack_iter::BitPacked for u8

pub trait vortex_fastlanes::unpack_iter::UnpackStrategy<T: vortex_array::dtype::ptype::PhysicalPType>

pub unsafe fn vortex_fastlanes::unpack_iter::UnpackStrategy::unpack_chunk(&self, bit_width: usize, chunk: &[<T as vortex_array::dtype::ptype::PhysicalPType>::Physical], dst: &mut [<T as vortex_array::dtype::ptype::PhysicalPType>::Physical])

impl<T: vortex_array::dtype::ptype::PhysicalPType<Physicalfastlanes::bitpacking::BitPacking>> vortex_fastlanes::unpack_iter::UnpackStrategy<T> for vortex_fastlanes::unpack_iter::BitPackingStrategy

pub unsafe fn vortex_fastlanes::unpack_iter::BitPackingStrategy::unpack_chunk(&self, bit_width: usize, chunk: &[<T as vortex_array::dtype::ptype::PhysicalPType>::Physical], dst: &mut [<T as vortex_array::dtype::ptype::PhysicalPType>::Physical])

pub type vortex_fastlanes::unpack_iter::BitUnpackedChunks<T> = vortex_fastlanes::unpack_iter::UnpackedChunks<T, vortex_fastlanes::unpack_iter::BitPackingStrategy>

pub struct vortex_fastlanes::BitPacked

impl vortex_fastlanes::BitPacked

pub fn vortex_fastlanes::BitPacked::encode(array: &vortex_array::array::erased::ArrayRef, bit_width: u8, ctx: &mut vortex_array::executor::ExecutionCtx) -> vortex_error::VortexResult<vortex_fastlanes::BitPackedArray>

pub fn vortex_fastlanes::BitPacked::into_parts(array: vortex_fastlanes::BitPackedArray) -> vortex_fastlanes::BitPackedDataParts

pub fn vortex_fastlanes::BitPacked::try_new(packed: vortex_array::buffer::BufferHandle, ptype: vortex_array::dtype::ptype::PType, validity: vortex_array::validity::Validity, patches: core::option::Option<vortex_array::patches::Patches>, bit_width: u8, len: usize, offset: u16) -> vortex_error::VortexResult<vortex_fastlanes::BitPackedArray>

impl core::clone::Clone for vortex_fastlanes::BitPacked

pub fn vortex_fastlanes::BitPacked::clone(&self) -> vortex_fastlanes::BitPacked

impl core::fmt::Debug for vortex_fastlanes::BitPacked

pub fn vortex_fastlanes::BitPacked::fmt(&self, f: &mut core::fmt::Formatter<'_>) -> core::fmt::Result

impl vortex_array::array::vtable::VTable for vortex_fastlanes::BitPacked

pub type vortex_fastlanes::BitPacked::ArrayData = vortex_fastlanes::BitPackedData

pub type vortex_fastlanes::BitPacked::OperationsVTable = vortex_fastlanes::BitPacked

pub type vortex_fastlanes::BitPacked::ValidityVTable = vortex_fastlanes::BitPacked

pub fn vortex_fastlanes::BitPacked::append_to_builder(array: vortex_array::array::view::ArrayView<'_, Self>, builder: &mut dyn vortex_array::builders::ArrayBuilder, ctx: &mut vortex_array::executor::ExecutionCtx) -> vortex_error::VortexResult<()>

pub fn vortex_fastlanes::BitPacked::buffer(array: vortex_array::array::view::ArrayView<'_, Self>, idx: usize) -> vortex_array::buffer::BufferHandle

pub fn vortex_fastlanes::BitPacked::buffer_name(_array: vortex_array::array::view::ArrayView<'_, Self>, idx: usize) -> core::option::Option<alloc::string::String>

pub fn vortex_fastlanes::BitPacked::deserialize(&self, dtype: &vortex_array::dtype::DType, len: usize, metadata: &[u8], buffers: &[vortex_array::buffer::BufferHandle], children: &dyn vortex_array::serde::ArrayChildren, _session: &vortex_session::VortexSession) -> vortex_error::VortexResult<vortex_array::array::typed::ArrayParts<Self>>

pub fn vortex_fastlanes::BitPacked::execute(array: vortex_array::array::typed::Array<Self>, ctx: &mut vortex_array::executor::ExecutionCtx) -> vortex_error::VortexResult<vortex_array::executor::ExecutionResult>

pub fn vortex_fastlanes::BitPacked::execute_parent(array: vortex_array::array::view::ArrayView<'_, Self>, parent: &vortex_array::array::erased::ArrayRef, child_idx: usize, ctx: &mut vortex_array::executor::ExecutionCtx) -> vortex_error::VortexResult<core::option::Option<vortex_array::array::erased::ArrayRef>>

pub fn vortex_fastlanes::BitPacked::id(&self) -> vortex_array::array::ArrayId

pub fn vortex_fastlanes::BitPacked::nbuffers(_array: vortex_array::array::view::ArrayView<'_, Self>) -> usize

pub fn vortex_fastlanes::BitPacked::reduce_parent(array: vortex_array::array::view::ArrayView<'_, Self>, parent: &vortex_array::array::erased::ArrayRef, child_idx: usize) -> vortex_error::VortexResult<core::option::Option<vortex_array::array::erased::ArrayRef>>

pub fn vortex_fastlanes::BitPacked::serialize(array: vortex_array::array::view::ArrayView<'_, Self>, _session: &vortex_session::VortexSession) -> vortex_error::VortexResult<core::option::Option<alloc::vec::Vec<u8>>>

pub fn vortex_fastlanes::BitPacked::slot_name(_array: vortex_array::array::view::ArrayView<'_, Self>, idx: usize) -> alloc::string::String

pub fn vortex_fastlanes::BitPacked::validate(&self, data: &Self::ArrayData, dtype: &vortex_array::dtype::DType, len: usize, slots: &[core::option::Option<vortex_array::array::erased::ArrayRef>]) -> vortex_error::VortexResult<()>

impl vortex_array::array::vtable::operations::OperationsVTable<vortex_fastlanes::BitPacked> for vortex_fastlanes::BitPacked

pub fn vortex_fastlanes::BitPacked::scalar_at(array: vortex_array::array::view::ArrayView<'_, vortex_fastlanes::BitPacked>, index: usize, _ctx: &mut vortex_array::executor::ExecutionCtx) -> vortex_error::VortexResult<vortex_array::scalar::Scalar>

impl vortex_array::array::vtable::validity::ValidityVTable<vortex_fastlanes::BitPacked> for vortex_fastlanes::BitPacked

pub fn vortex_fastlanes::BitPacked::validity(array: vortex_array::array::view::ArrayView<'_, vortex_fastlanes::BitPacked>) -> vortex_error::VortexResult<vortex_array::validity::Validity>

impl vortex_array::arrays::dict::take::TakeExecute for vortex_fastlanes::BitPacked

pub fn vortex_fastlanes::BitPacked::take(array: vortex_array::array::view::ArrayView<'_, Self>, indices: &vortex_array::array::erased::ArrayRef, ctx: &mut vortex_array::executor::ExecutionCtx) -> vortex_error::VortexResult<core::option::Option<vortex_array::array::erased::ArrayRef>>

impl vortex_array::arrays::filter::kernel::FilterKernel for vortex_fastlanes::BitPacked

pub fn vortex_fastlanes::BitPacked::filter(array: vortex_array::array::view::ArrayView<'_, Self>, mask: &vortex_mask::Mask, ctx: &mut vortex_array::executor::ExecutionCtx) -> vortex_error::VortexResult<core::option::Option<vortex_array::array::erased::ArrayRef>>

impl vortex_array::arrays::slice::SliceReduce for vortex_fastlanes::BitPacked

pub fn vortex_fastlanes::BitPacked::slice(array: vortex_array::array::view::ArrayView<'_, Self>, range: core::ops::range::Range<usize>) -> vortex_error::VortexResult<core::option::Option<vortex_array::array::erased::ArrayRef>>

impl vortex_array::scalar_fn::fns::cast::kernel::CastReduce for vortex_fastlanes::BitPacked

pub fn vortex_fastlanes::BitPacked::cast(array: vortex_array::array::view::ArrayView<'_, Self>, dtype: &vortex_array::dtype::DType) -> vortex_error::VortexResult<core::option::Option<vortex_array::array::erased::ArrayRef>>

pub struct vortex_fastlanes::BitPackedData

impl vortex_fastlanes::BitPackedData

pub fn vortex_fastlanes::BitPackedData::bit_width(&self) -> u8

pub fn vortex_fastlanes::BitPackedData::encode(array: &vortex_array::array::erased::ArrayRef, bit_width: u8, ctx: &mut vortex_array::executor::ExecutionCtx) -> vortex_error::VortexResult<vortex_fastlanes::BitPackedArray>

pub fn vortex_fastlanes::BitPackedData::max_packed_value(&self) -> usize

pub fn vortex_fastlanes::BitPackedData::offset(&self) -> u16

pub fn vortex_fastlanes::BitPackedData::packed(&self) -> &vortex_array::buffer::BufferHandle

pub fn vortex_fastlanes::BitPackedData::packed_slice<T: vortex_array::dtype::ptype::NativePType + fastlanes::bitpacking::BitPacking>(&self) -> &[T]

pub fn vortex_fastlanes::BitPackedData::ptype(&self, dtype: &vortex_array::dtype::DType) -> vortex_array::dtype::ptype::PType

pub fn vortex_fastlanes::BitPackedData::try_new(packed: vortex_array::buffer::BufferHandle, patches: core::option::Option<vortex_array::patches::Patches>, bit_width: u8, offset: u16) -> vortex_error::VortexResult<Self>

pub fn vortex_fastlanes::BitPackedData::unpacked_chunks<T: vortex_fastlanes::unpack_iter::BitPacked>(&self, dtype: &vortex_array::dtype::DType, len: usize) -> vortex_error::VortexResult<vortex_fastlanes::unpack_iter::BitUnpackedChunks<T>>

impl core::clone::Clone for vortex_fastlanes::BitPackedData

pub fn vortex_fastlanes::BitPackedData::clone(&self) -> vortex_fastlanes::BitPackedData

impl core::fmt::Debug for vortex_fastlanes::BitPackedData

pub fn vortex_fastlanes::BitPackedData::fmt(&self, f: &mut core::fmt::Formatter<'_>) -> core::fmt::Result

impl core::fmt::Display for vortex_fastlanes::BitPackedData

pub fn vortex_fastlanes::BitPackedData::fmt(&self, f: &mut core::fmt::Formatter<'_>) -> core::fmt::Result

impl vortex_array::hash::ArrayEq for vortex_fastlanes::BitPackedData

pub fn vortex_fastlanes::BitPackedData::array_eq(&self, other: &Self, precision: vortex_array::hash::Precision) -> bool

impl vortex_array::hash::ArrayHash for vortex_fastlanes::BitPackedData

pub fn vortex_fastlanes::BitPackedData::array_hash<H: core::hash::Hasher>(&self, state: &mut H, precision: vortex_array::hash::Precision)

pub struct vortex_fastlanes::BitPackedDataParts

pub vortex_fastlanes::BitPackedDataParts::bit_width: u8

pub vortex_fastlanes::BitPackedDataParts::len: usize

pub vortex_fastlanes::BitPackedDataParts::offset: u16

pub vortex_fastlanes::BitPackedDataParts::packed: vortex_array::buffer::BufferHandle

pub vortex_fastlanes::BitPackedDataParts::patches: core::option::Option<vortex_array::patches::Patches>

pub vortex_fastlanes::BitPackedDataParts::validity: vortex_array::validity::Validity

pub struct vortex_fastlanes::BitPackedSlots

pub vortex_fastlanes::BitPackedSlots::patch_chunk_offsets: core::option::Option<vortex_array::array::erased::ArrayRef>

pub vortex_fastlanes::BitPackedSlots::patch_indices: core::option::Option<vortex_array::array::erased::ArrayRef>

pub vortex_fastlanes::BitPackedSlots::patch_values: core::option::Option<vortex_array::array::erased::ArrayRef>

pub vortex_fastlanes::BitPackedSlots::validity_child: core::option::Option<vortex_array::array::erased::ArrayRef>

impl vortex_fastlanes::BitPackedSlots

pub const vortex_fastlanes::BitPackedSlots::COUNT: usize

pub const vortex_fastlanes::BitPackedSlots::NAMES: [&'static str; 4]

pub const vortex_fastlanes::BitPackedSlots::PATCH_CHUNK_OFFSETS: usize

pub const vortex_fastlanes::BitPackedSlots::PATCH_INDICES: usize

pub const vortex_fastlanes::BitPackedSlots::PATCH_VALUES: usize

pub const vortex_fastlanes::BitPackedSlots::VALIDITY_CHILD: usize

pub fn vortex_fastlanes::BitPackedSlots::from_slots(slots: alloc::vec::Vec<core::option::Option<vortex_array::array::erased::ArrayRef>>) -> Self

pub fn vortex_fastlanes::BitPackedSlots::into_slots(self) -> alloc::vec::Vec<core::option::Option<vortex_array::array::erased::ArrayRef>>

pub struct vortex_fastlanes::Delta

impl vortex_fastlanes::Delta

pub fn vortex_fastlanes::Delta::try_from_primitive_array(array: &vortex_array::arrays::primitive::vtable::PrimitiveArray, ctx: &mut vortex_array::executor::ExecutionCtx) -> vortex_error::VortexResult<vortex_fastlanes::DeltaArray>

pub fn vortex_fastlanes::Delta::try_new(bases: vortex_array::array::erased::ArrayRef, deltas: vortex_array::array::erased::ArrayRef, offset: usize, len: usize) -> vortex_error::VortexResult<vortex_fastlanes::DeltaArray>

impl core::clone::Clone for vortex_fastlanes::Delta

pub fn vortex_fastlanes::Delta::clone(&self) -> vortex_fastlanes::Delta

impl core::fmt::Debug for vortex_fastlanes::Delta

pub fn vortex_fastlanes::Delta::fmt(&self, f: &mut core::fmt::Formatter<'_>) -> core::fmt::Result

impl vortex_array::array::vtable::VTable for vortex_fastlanes::Delta

pub type vortex_fastlanes::Delta::ArrayData = vortex_fastlanes::DeltaData

pub type vortex_fastlanes::Delta::OperationsVTable = vortex_fastlanes::Delta

pub type vortex_fastlanes::Delta::ValidityVTable = vortex_fastlanes::Delta

pub fn vortex_fastlanes::Delta::buffer(_array: vortex_array::array::view::ArrayView<'_, Self>, idx: usize) -> vortex_array::buffer::BufferHandle

pub fn vortex_fastlanes::Delta::buffer_name(_array: vortex_array::array::view::ArrayView<'_, Self>, _idx: usize) -> core::option::Option<alloc::string::String>

pub fn vortex_fastlanes::Delta::deserialize(&self, dtype: &vortex_array::dtype::DType, len: usize, metadata: &[u8], buffers: &[vortex_array::buffer::BufferHandle], children: &dyn vortex_array::serde::ArrayChildren, _session: &vortex_session::VortexSession) -> vortex_error::VortexResult<vortex_array::array::typed::ArrayParts<Self>>

pub fn vortex_fastlanes::Delta::execute(array: vortex_array::array::typed::Array<Self>, ctx: &mut vortex_array::executor::ExecutionCtx) -> vortex_error::VortexResult<vortex_array::executor::ExecutionResult>

pub fn vortex_fastlanes::Delta::id(&self) -> vortex_array::array::ArrayId

pub fn vortex_fastlanes::Delta::nbuffers(_array: vortex_array::array::view::ArrayView<'_, Self>) -> usize

pub fn vortex_fastlanes::Delta::reduce_parent(array: vortex_array::array::view::ArrayView<'_, Self>, parent: &vortex_array::array::erased::ArrayRef, child_idx: usize) -> vortex_error::VortexResult<core::option::Option<vortex_array::array::erased::ArrayRef>>

pub fn vortex_fastlanes::Delta::serialize(array: vortex_array::array::view::ArrayView<'_, Self>, _session: &vortex_session::VortexSession) -> vortex_error::VortexResult<core::option::Option<alloc::vec::Vec<u8>>>

pub fn vortex_fastlanes::Delta::slot_name(_array: vortex_array::array::view::ArrayView<'_, Self>, idx: usize) -> alloc::string::String

pub fn vortex_fastlanes::Delta::validate(&self, data: &Self::ArrayData, dtype: &vortex_array::dtype::DType, len: usize, slots: &[core::option::Option<vortex_array::array::erased::ArrayRef>]) -> vortex_error::VortexResult<()>

impl vortex_array::array::vtable::operations::OperationsVTable<vortex_fastlanes::Delta> for vortex_fastlanes::Delta

pub fn vortex_fastlanes::Delta::scalar_at(array: vortex_array::array::view::ArrayView<'_, vortex_fastlanes::Delta>, index: usize, ctx: &mut vortex_array::executor::ExecutionCtx) -> vortex_error::VortexResult<vortex_array::scalar::Scalar>

impl vortex_array::array::vtable::validity::ValidityVTable<vortex_fastlanes::Delta> for vortex_fastlanes::Delta

pub fn vortex_fastlanes::Delta::validity(array: vortex_array::array::view::ArrayView<'_, vortex_fastlanes::Delta>) -> vortex_error::VortexResult<vortex_array::validity::Validity>

impl vortex_array::arrays::slice::SliceReduce for vortex_fastlanes::Delta

pub fn vortex_fastlanes::Delta::slice(array: vortex_array::array::view::ArrayView<'_, Self>, range: core::ops::range::Range<usize>) -> vortex_error::VortexResult<core::option::Option<vortex_array::array::erased::ArrayRef>>

impl vortex_array::scalar_fn::fns::cast::kernel::CastReduce for vortex_fastlanes::Delta

pub fn vortex_fastlanes::Delta::cast(array: vortex_array::array::view::ArrayView<'_, Self>, dtype: &vortex_array::dtype::DType) -> vortex_error::VortexResult<core::option::Option<vortex_array::array::erased::ArrayRef>>

pub struct vortex_fastlanes::DeltaData

impl vortex_fastlanes::DeltaData

pub fn vortex_fastlanes::DeltaData::try_new(offset: usize) -> vortex_error::VortexResult<Self>

impl core::clone::Clone for vortex_fastlanes::DeltaData

pub fn vortex_fastlanes::DeltaData::clone(&self) -> vortex_fastlanes::DeltaData

impl core::fmt::Debug for vortex_fastlanes::DeltaData

pub fn vortex_fastlanes::DeltaData::fmt(&self, f: &mut core::fmt::Formatter<'_>) -> core::fmt::Result

impl core::fmt::Display for vortex_fastlanes::DeltaData

pub fn vortex_fastlanes::DeltaData::fmt(&self, f: &mut core::fmt::Formatter<'_>) -> core::fmt::Result

impl vortex_array::hash::ArrayEq for vortex_fastlanes::DeltaData

pub fn vortex_fastlanes::DeltaData::array_eq(&self, other: &Self, _precision: vortex_array::hash::Precision) -> bool

impl vortex_array::hash::ArrayHash for vortex_fastlanes::DeltaData

pub fn vortex_fastlanes::DeltaData::array_hash<H: core::hash::Hasher>(&self, state: &mut H, _precision: vortex_array::hash::Precision)

pub struct vortex_fastlanes::FoR

impl vortex_fastlanes::FoR

pub fn vortex_fastlanes::FoR::encode(array: vortex_array::arrays::primitive::vtable::PrimitiveArray) -> vortex_error::VortexResult<vortex_fastlanes::FoRArray>

pub fn vortex_fastlanes::FoR::try_new(encoded: vortex_array::array::erased::ArrayRef, reference: vortex_array::scalar::Scalar) -> vortex_error::VortexResult<vortex_fastlanes::FoRArray>

impl core::clone::Clone for vortex_fastlanes::FoR

pub fn vortex_fastlanes::FoR::clone(&self) -> vortex_fastlanes::FoR

impl core::fmt::Debug for vortex_fastlanes::FoR

pub fn vortex_fastlanes::FoR::fmt(&self, f: &mut core::fmt::Formatter<'_>) -> core::fmt::Result

impl vortex_array::array::vtable::VTable for vortex_fastlanes::FoR

pub type vortex_fastlanes::FoR::ArrayData = vortex_fastlanes::FoRData

pub type vortex_fastlanes::FoR::OperationsVTable = vortex_fastlanes::FoR

pub type vortex_fastlanes::FoR::ValidityVTable = vortex_array::array::vtable::validity::ValidityVTableFromChild

pub fn vortex_fastlanes::FoR::buffer(_array: vortex_array::array::view::ArrayView<'_, Self>, idx: usize) -> vortex_array::buffer::BufferHandle

pub fn vortex_fastlanes::FoR::buffer_name(_array: vortex_array::array::view::ArrayView<'_, Self>, _idx: usize) -> core::option::Option<alloc::string::String>

pub fn vortex_fastlanes::FoR::deserialize(&self, dtype: &vortex_array::dtype::DType, len: usize, metadata: &[u8], buffers: &[vortex_array::buffer::BufferHandle], children: &dyn vortex_array::serde::ArrayChildren, session: &vortex_session::VortexSession) -> vortex_error::VortexResult<vortex_array::array::typed::ArrayParts<Self>>

pub fn vortex_fastlanes::FoR::execute(array: vortex_array::array::typed::Array<Self>, ctx: &mut vortex_array::executor::ExecutionCtx) -> vortex_error::VortexResult<vortex_array::executor::ExecutionResult>

pub fn vortex_fastlanes::FoR::execute_parent(array: vortex_array::array::view::ArrayView<'_, Self>, parent: &vortex_array::array::erased::ArrayRef, child_idx: usize, ctx: &mut vortex_array::executor::ExecutionCtx) -> vortex_error::VortexResult<core::option::Option<vortex_array::array::erased::ArrayRef>>

pub fn vortex_fastlanes::FoR::id(&self) -> vortex_array::array::ArrayId

pub fn vortex_fastlanes::FoR::nbuffers(_array: vortex_array::array::view::ArrayView<'_, Self>) -> usize

pub fn vortex_fastlanes::FoR::reduce_parent(array: vortex_array::array::view::ArrayView<'_, Self>, parent: &vortex_array::array::erased::ArrayRef, child_idx: usize) -> vortex_error::VortexResult<core::option::Option<vortex_array::array::erased::ArrayRef>>

pub fn vortex_fastlanes::FoR::serialize(array: vortex_array::array::view::ArrayView<'_, Self>, _session: &vortex_session::VortexSession) -> vortex_error::VortexResult<core::option::Option<alloc::vec::Vec<u8>>>

pub fn vortex_fastlanes::FoR::slot_name(_array: vortex_array::array::view::ArrayView<'_, Self>, idx: usize) -> alloc::string::String

pub fn vortex_fastlanes::FoR::validate(&self, data: &Self::ArrayData, dtype: &vortex_array::dtype::DType, len: usize, slots: &[core::option::Option<vortex_array::array::erased::ArrayRef>]) -> vortex_error::VortexResult<()>

impl vortex_array::array::vtable::operations::OperationsVTable<vortex_fastlanes::FoR> for vortex_fastlanes::FoR

pub fn vortex_fastlanes::FoR::scalar_at(array: vortex_array::array::view::ArrayView<'_, vortex_fastlanes::FoR>, index: usize, ctx: &mut vortex_array::executor::ExecutionCtx) -> vortex_error::VortexResult<vortex_array::scalar::Scalar>

impl vortex_array::array::vtable::validity::ValidityChild<vortex_fastlanes::FoR> for vortex_fastlanes::FoR

pub fn vortex_fastlanes::FoR::validity_child(array: vortex_array::array::view::ArrayView<'_, vortex_fastlanes::FoR>) -> vortex_array::array::erased::ArrayRef

impl vortex_array::arrays::dict::take::TakeExecute for vortex_fastlanes::FoR

pub fn vortex_fastlanes::FoR::take(array: vortex_array::array::view::ArrayView<'_, Self>, indices: &vortex_array::array::erased::ArrayRef, _ctx: &mut vortex_array::executor::ExecutionCtx) -> vortex_error::VortexResult<core::option::Option<vortex_array::array::erased::ArrayRef>>

impl vortex_array::arrays::filter::kernel::FilterReduce for vortex_fastlanes::FoR

pub fn vortex_fastlanes::FoR::filter(array: vortex_array::array::view::ArrayView<'_, Self>, mask: &vortex_mask::Mask) -> vortex_error::VortexResult<core::option::Option<vortex_array::array::erased::ArrayRef>>

impl vortex_array::arrays::slice::SliceReduce for vortex_fastlanes::FoR

pub fn vortex_fastlanes::FoR::slice(array: vortex_array::array::view::ArrayView<'_, Self>, range: core::ops::range::Range<usize>) -> vortex_error::VortexResult<core::option::Option<vortex_array::array::erased::ArrayRef>>

impl vortex_array::scalar_fn::fns::binary::compare::CompareKernel for vortex_fastlanes::FoR

pub fn vortex_fastlanes::FoR::compare(lhs: vortex_array::array::view::ArrayView<'_, Self>, rhs: &vortex_array::array::erased::ArrayRef, operator: vortex_array::scalar_fn::fns::operators::CompareOperator, _ctx: &mut vortex_array::executor::ExecutionCtx) -> vortex_error::VortexResult<core::option::Option<vortex_array::array::erased::ArrayRef>>

impl vortex_array::scalar_fn::fns::cast::kernel::CastReduce for vortex_fastlanes::FoR

pub fn vortex_fastlanes::FoR::cast(array: vortex_array::array::view::ArrayView<'_, Self>, dtype: &vortex_array::dtype::DType) -> vortex_error::VortexResult<core::option::Option<vortex_array::array::erased::ArrayRef>>

pub struct vortex_fastlanes::FoRData

impl vortex_fastlanes::FoRData

pub fn vortex_fastlanes::FoRData::encode(array: vortex_array::arrays::primitive::vtable::PrimitiveArray) -> vortex_error::VortexResult<vortex_fastlanes::FoRArray>

impl vortex_fastlanes::FoRData

pub fn vortex_fastlanes::FoRData::ptype(&self) -> vortex_array::dtype::ptype::PType

impl core::clone::Clone for vortex_fastlanes::FoRData

pub fn vortex_fastlanes::FoRData::clone(&self) -> vortex_fastlanes::FoRData

impl core::fmt::Debug for vortex_fastlanes::FoRData

pub fn vortex_fastlanes::FoRData::fmt(&self, f: &mut core::fmt::Formatter<'_>) -> core::fmt::Result

impl core::fmt::Display for vortex_fastlanes::FoRData

pub fn vortex_fastlanes::FoRData::fmt(&self, f: &mut core::fmt::Formatter<'_>) -> core::fmt::Result

impl vortex_array::hash::ArrayEq for vortex_fastlanes::FoRData

pub fn vortex_fastlanes::FoRData::array_eq(&self, other: &Self, _precision: vortex_array::hash::Precision) -> bool

impl vortex_array::hash::ArrayHash for vortex_fastlanes::FoRData

pub fn vortex_fastlanes::FoRData::array_hash<H: core::hash::Hasher>(&self, state: &mut H, _precision: vortex_array::hash::Precision)

pub struct vortex_fastlanes::RLE

impl vortex_fastlanes::RLE

pub fn vortex_fastlanes::RLE::encode(array: vortex_array::array::view::ArrayView<'_, vortex_array::arrays::primitive::vtable::Primitive>, ctx: &mut vortex_array::executor::ExecutionCtx) -> vortex_error::VortexResult<vortex_fastlanes::RLEArray>

pub unsafe fn vortex_fastlanes::RLE::new_unchecked(values: vortex_array::array::erased::ArrayRef, indices: vortex_array::array::erased::ArrayRef, values_idx_offsets: vortex_array::array::erased::ArrayRef, offset: usize, length: usize) -> vortex_fastlanes::RLEArray

pub fn vortex_fastlanes::RLE::try_new(values: vortex_array::array::erased::ArrayRef, indices: vortex_array::array::erased::ArrayRef, values_idx_offsets: vortex_array::array::erased::ArrayRef, offset: usize, length: usize) -> vortex_error::VortexResult<vortex_fastlanes::RLEArray>

impl core::clone::Clone for vortex_fastlanes::RLE

pub fn vortex_fastlanes::RLE::clone(&self) -> vortex_fastlanes::RLE

impl core::fmt::Debug for vortex_fastlanes::RLE

pub fn vortex_fastlanes::RLE::fmt(&self, f: &mut core::fmt::Formatter<'_>) -> core::fmt::Result

impl vortex_array::array::vtable::VTable for vortex_fastlanes::RLE

pub type vortex_fastlanes::RLE::ArrayData = vortex_fastlanes::RLEData

pub type vortex_fastlanes::RLE::OperationsVTable = vortex_fastlanes::RLE

pub type vortex_fastlanes::RLE::ValidityVTable = vortex_fastlanes::RLE

pub fn vortex_fastlanes::RLE::buffer(_array: vortex_array::array::view::ArrayView<'_, Self>, idx: usize) -> vortex_array::buffer::BufferHandle

pub fn vortex_fastlanes::RLE::buffer_name(_array: vortex_array::array::view::ArrayView<'_, Self>, _idx: usize) -> core::option::Option<alloc::string::String>

pub fn vortex_fastlanes::RLE::deserialize(&self, dtype: &vortex_array::dtype::DType, len: usize, metadata: &[u8], buffers: &[vortex_array::buffer::BufferHandle], children: &dyn vortex_array::serde::ArrayChildren, _session: &vortex_session::VortexSession) -> vortex_error::VortexResult<vortex_array::array::typed::ArrayParts<Self>>

pub fn vortex_fastlanes::RLE::execute(array: vortex_array::array::typed::Array<Self>, ctx: &mut vortex_array::executor::ExecutionCtx) -> vortex_error::VortexResult<vortex_array::executor::ExecutionResult>

pub fn vortex_fastlanes::RLE::execute_parent(array: vortex_array::array::view::ArrayView<'_, Self>, parent: &vortex_array::array::erased::ArrayRef, child_idx: usize, ctx: &mut vortex_array::executor::ExecutionCtx) -> vortex_error::VortexResult<core::option::Option<vortex_array::array::erased::ArrayRef>>

pub fn vortex_fastlanes::RLE::id(&self) -> vortex_array::array::ArrayId

pub fn vortex_fastlanes::RLE::nbuffers(_array: vortex_array::array::view::ArrayView<'_, Self>) -> usize

pub fn vortex_fastlanes::RLE::reduce_parent(array: vortex_array::array::view::ArrayView<'_, Self>, parent: &vortex_array::array::erased::ArrayRef, child_idx: usize) -> vortex_error::VortexResult<core::option::Option<vortex_array::array::erased::ArrayRef>>

pub fn vortex_fastlanes::RLE::serialize(array: vortex_array::array::view::ArrayView<'_, Self>, _session: &vortex_session::VortexSession) -> vortex_error::VortexResult<core::option::Option<alloc::vec::Vec<u8>>>

pub fn vortex_fastlanes::RLE::slot_name(_array: vortex_array::array::view::ArrayView<'_, Self>, idx: usize) -> alloc::string::String

pub fn vortex_fastlanes::RLE::validate(&self, data: &Self::ArrayData, dtype: &vortex_array::dtype::DType, len: usize, slots: &[core::option::Option<vortex_array::array::erased::ArrayRef>]) -> vortex_error::VortexResult<()>

impl vortex_array::array::vtable::operations::OperationsVTable<vortex_fastlanes::RLE> for vortex_fastlanes::RLE

pub fn vortex_fastlanes::RLE::scalar_at(array: vortex_array::array::view::ArrayView<'_, vortex_fastlanes::RLE>, index: usize, ctx: &mut vortex_array::executor::ExecutionCtx) -> vortex_error::VortexResult<vortex_array::scalar::Scalar>

impl vortex_array::array::vtable::validity::ValidityVTable<vortex_fastlanes::RLE> for vortex_fastlanes::RLE

pub fn vortex_fastlanes::RLE::validity(array: vortex_array::array::view::ArrayView<'_, vortex_fastlanes::RLE>) -> vortex_error::VortexResult<vortex_array::validity::Validity>

impl vortex_array::arrays::slice::SliceKernel for vortex_fastlanes::RLE

pub fn vortex_fastlanes::RLE::slice(array: vortex_array::array::view::ArrayView<'_, Self>, range: core::ops::range::Range<usize>, ctx: &mut vortex_array::executor::ExecutionCtx) -> vortex_error::VortexResult<core::option::Option<vortex_array::array::erased::ArrayRef>>

impl vortex_array::scalar_fn::fns::cast::kernel::CastReduce for vortex_fastlanes::RLE

pub fn vortex_fastlanes::RLE::cast(array: vortex_array::array::view::ArrayView<'_, Self>, dtype: &vortex_array::dtype::DType) -> vortex_error::VortexResult<core::option::Option<vortex_array::array::erased::ArrayRef>>

pub struct vortex_fastlanes::RLEData

impl vortex_fastlanes::RLEData

pub fn vortex_fastlanes::RLEData::encode(array: vortex_array::array::view::ArrayView<'_, vortex_array::arrays::primitive::vtable::Primitive>, ctx: &mut vortex_array::executor::ExecutionCtx) -> vortex_error::VortexResult<vortex_fastlanes::RLEArray>

impl vortex_fastlanes::RLEData

pub unsafe fn vortex_fastlanes::RLEData::new_unchecked(offset: usize) -> Self

pub fn vortex_fastlanes::RLEData::offset(&self) -> usize

pub fn vortex_fastlanes::RLEData::try_new(offset: usize) -> vortex_error::VortexResult<Self>

impl core::clone::Clone for vortex_fastlanes::RLEData

pub fn vortex_fastlanes::RLEData::clone(&self) -> vortex_fastlanes::RLEData

impl core::fmt::Debug for vortex_fastlanes::RLEData

pub fn vortex_fastlanes::RLEData::fmt(&self, f: &mut core::fmt::Formatter<'_>) -> core::fmt::Result

impl core::fmt::Display for vortex_fastlanes::RLEData

pub fn vortex_fastlanes::RLEData::fmt(&self, f: &mut core::fmt::Formatter<'_>) -> core::fmt::Result

impl vortex_array::hash::ArrayEq for vortex_fastlanes::RLEData

pub fn vortex_fastlanes::RLEData::array_eq(&self, other: &Self, _precision: vortex_array::hash::Precision) -> bool

impl vortex_array::hash::ArrayHash for vortex_fastlanes::RLEData

pub fn vortex_fastlanes::RLEData::array_hash<H: core::hash::Hasher>(&self, state: &mut H, _precision: vortex_array::hash::Precision)

pub trait vortex_fastlanes::BitPackedArrayExt: vortex_fastlanes::BitPackedArraySlotsExt

pub fn vortex_fastlanes::BitPackedArrayExt::bit_width(&self) -> u8

pub fn vortex_fastlanes::BitPackedArrayExt::offset(&self) -> u16

pub fn vortex_fastlanes::BitPackedArrayExt::packed(&self) -> &vortex_array::buffer::BufferHandle

pub fn vortex_fastlanes::BitPackedArrayExt::packed_slice<T: vortex_array::dtype::ptype::NativePType + fastlanes::bitpacking::BitPacking>(&self) -> &[T]

pub fn vortex_fastlanes::BitPackedArrayExt::patches(&self) -> core::option::Option<vortex_array::patches::Patches>

pub fn vortex_fastlanes::BitPackedArrayExt::unpacked_chunks<T: vortex_fastlanes::unpack_iter::BitPacked>(&self) -> vortex_error::VortexResult<vortex_fastlanes::unpack_iter::BitUnpackedChunks<T>>

pub fn vortex_fastlanes::BitPackedArrayExt::validity(&self) -> vortex_array::validity::Validity

impl<T: vortex_array::array::typed::TypedArrayRef<vortex_fastlanes::BitPacked>> vortex_fastlanes::BitPackedArrayExt for T

pub fn T::bit_width(&self) -> u8

pub fn T::offset(&self) -> u16

pub fn T::packed(&self) -> &vortex_array::buffer::BufferHandle

pub fn T::packed_slice<T: vortex_array::dtype::ptype::NativePType + fastlanes::bitpacking::BitPacking>(&self) -> &[T]

pub fn T::patches(&self) -> core::option::Option<vortex_array::patches::Patches>

pub fn T::unpacked_chunks<T: vortex_fastlanes::unpack_iter::BitPacked>(&self) -> vortex_error::VortexResult<vortex_fastlanes::unpack_iter::BitUnpackedChunks<T>>

pub fn T::validity(&self) -> vortex_array::validity::Validity

pub trait vortex_fastlanes::BitPackedArraySlotsExt: vortex_array::array::typed::TypedArrayRef<vortex_fastlanes::BitPacked>

pub fn vortex_fastlanes::BitPackedArraySlotsExt::patch_chunk_offsets(&self) -> core::option::Option<&vortex_array::array::erased::ArrayRef>

pub fn vortex_fastlanes::BitPackedArraySlotsExt::patch_indices(&self) -> core::option::Option<&vortex_array::array::erased::ArrayRef>

pub fn vortex_fastlanes::BitPackedArraySlotsExt::patch_values(&self) -> core::option::Option<&vortex_array::array::erased::ArrayRef>

pub fn vortex_fastlanes::BitPackedArraySlotsExt::slots_view(&self) -> vortex_fastlanes::bitpacking::array::BitPackedSlotsView<'_>

pub fn vortex_fastlanes::BitPackedArraySlotsExt::validity_child(&self) -> core::option::Option<&vortex_array::array::erased::ArrayRef>

impl<T: vortex_array::array::typed::TypedArrayRef<vortex_fastlanes::BitPacked>> vortex_fastlanes::BitPackedArraySlotsExt for T

pub fn T::patch_chunk_offsets(&self) -> core::option::Option<&vortex_array::array::erased::ArrayRef>

pub fn T::patch_indices(&self) -> core::option::Option<&vortex_array::array::erased::ArrayRef>

pub fn T::patch_values(&self) -> core::option::Option<&vortex_array::array::erased::ArrayRef>

pub fn T::slots_view(&self) -> vortex_fastlanes::bitpacking::array::BitPackedSlotsView<'_>

pub fn T::validity_child(&self) -> core::option::Option<&vortex_array::array::erased::ArrayRef>

pub trait vortex_fastlanes::FoRArrayExt: vortex_array::array::typed::TypedArrayRef<vortex_fastlanes::FoR>

pub fn vortex_fastlanes::FoRArrayExt::encoded(&self) -> &vortex_array::array::erased::ArrayRef

pub fn vortex_fastlanes::FoRArrayExt::reference_scalar(&self) -> &vortex_array::scalar::Scalar

impl<T: vortex_array::array::typed::TypedArrayRef<vortex_fastlanes::FoR>> vortex_fastlanes::FoRArrayExt for T

pub fn T::encoded(&self) -> &vortex_array::array::erased::ArrayRef

pub fn T::reference_scalar(&self) -> &vortex_array::scalar::Scalar

pub trait vortex_fastlanes::RLEArrayExt: vortex_array::array::typed::TypedArrayRef<vortex_fastlanes::RLE>

pub fn vortex_fastlanes::RLEArrayExt::indices(&self) -> &vortex_array::array::erased::ArrayRef

pub fn vortex_fastlanes::RLEArrayExt::offset(&self) -> usize

pub fn vortex_fastlanes::RLEArrayExt::values(&self) -> &vortex_array::array::erased::ArrayRef

pub fn vortex_fastlanes::RLEArrayExt::values_idx_offset(&self, chunk_idx: usize, ctx: &mut vortex_array::executor::ExecutionCtx) -> usize

pub fn vortex_fastlanes::RLEArrayExt::values_idx_offsets(&self) -> &vortex_array::array::erased::ArrayRef

impl<T: vortex_array::array::typed::TypedArrayRef<vortex_fastlanes::RLE>> vortex_fastlanes::RLEArrayExt for T

pub fn T::indices(&self) -> &vortex_array::array::erased::ArrayRef

pub fn T::offset(&self) -> usize

pub fn T::values(&self) -> &vortex_array::array::erased::ArrayRef

pub fn T::values_idx_offset(&self, chunk_idx: usize, ctx: &mut vortex_array::executor::ExecutionCtx) -> usize

pub fn T::values_idx_offsets(&self) -> &vortex_array::array::erased::ArrayRef

pub fn vortex_fastlanes::delta_compress(array: &vortex_array::arrays::primitive::vtable::PrimitiveArray, ctx: &mut vortex_array::executor::ExecutionCtx) -> vortex_error::VortexResult<(vortex_array::arrays::primitive::vtable::PrimitiveArray, vortex_array::arrays::primitive::vtable::PrimitiveArray)>

pub fn vortex_fastlanes::initialize(session: &vortex_session::VortexSession)

pub type vortex_fastlanes::BitPackedArray = vortex_array::array::typed::Array<vortex_fastlanes::BitPacked>

pub type vortex_fastlanes::DeltaArray = vortex_array::array::typed::Array<vortex_fastlanes::Delta>

pub type vortex_fastlanes::FoRArray = vortex_array::array::typed::Array<vortex_fastlanes::FoR>

pub type vortex_fastlanes::RLEArray = vortex_array::array::typed::Array<vortex_fastlanes::RLE>
