{
  "name": "vortex-benchmarks-website",
  "version": "1.0.0",
  "lockfileVersion": 3,
  "requires": true,
  "packages": {
    "": {
      "name": "vortex-benchmarks-website",
      "version": "1.0.0",
      "dependencies": {
        "downsample": "^1.4.0"
      },
      "engines": {
        "node": ">=18.0.0"
      }
    },
    "node_modules/downsample": {
      "version": "1.4.0",
      "resolved": "https://registry.npmjs.org/downsample/-/downsample-1.4.0.tgz",
      "integrity": "sha512-teYPhUPxqwtyICt47t1mP/LjhbRV/ghuKb/LmFDbcZ0CjqFD31tn6rVLZoeCEa1xr8+f2skW8UjRiLiGIKQE4w==",
      "license": "MIT"
    }
  }
}
