pub mod vortex

pub use vortex::compute

pub use vortex::expr

pub mod vortex::array

pub use vortex::array::<<vortex_array::*>>

pub mod vortex::buffer

pub use vortex::buffer::<<vortex_buffer::*>>

pub mod vortex::compressor

pub use vortex::compressor::BtrBlocksCompressor

pub use vortex::compressor::BtrBlocksCompressorBuilder

pub use vortex::compressor::FloatCode

pub use vortex::compressor::IntCode

pub use vortex::compressor::StringCode

pub mod vortex::compute2

pub use vortex::compute2::<<vortex_compute::*>>

pub mod vortex::dtype

pub use vortex::dtype::<<vortex_dtype::*>>

pub mod vortex::encodings

pub mod vortex::encodings::alp

pub use vortex::encodings::alp::<<vortex_alp::*>>

pub mod vortex::encodings::bytebool

pub use vortex::encodings::bytebool::<<vortex_bytebool::*>>

pub mod vortex::encodings::datetime_parts

pub use vortex::encodings::datetime_parts::<<vortex_datetime_parts::*>>

pub mod vortex::encodings::decimal_byte_parts

pub use vortex::encodings::decimal_byte_parts::<<vortex_decimal_byte_parts::*>>

pub mod vortex::encodings::fastlanes

pub use vortex::encodings::fastlanes::<<vortex_fastlanes::*>>

pub mod vortex::encodings::fsst

pub use vortex::encodings::fsst::<<vortex_fsst::*>>

pub mod vortex::encodings::pco

pub use vortex::encodings::pco::<<vortex_pco::*>>

pub mod vortex::encodings::runend

pub use vortex::encodings::runend::<<vortex_runend::*>>

pub mod vortex::encodings::sequence

pub use vortex::encodings::sequence::<<vortex_sequence::*>>

pub mod vortex::encodings::sparse

pub use vortex::encodings::sparse::<<vortex_sparse::*>>

pub mod vortex::encodings::zigzag

pub use vortex::encodings::zigzag::<<vortex_zigzag::*>>

pub mod vortex::encodings::zstd

pub use vortex::encodings::zstd::<<vortex_zstd::*>>

pub mod vortex::error

pub use vortex::error::<<vortex_error::*>>

pub mod vortex::file

pub use vortex::file::<<vortex_file::*>>

pub mod vortex::flatbuffers

pub use vortex::flatbuffers::<<vortex_flatbuffers::*>>

pub mod vortex::io

pub use vortex::io::<<vortex_io::*>>

pub mod vortex::ipc

pub use vortex::ipc::<<vortex_ipc::*>>

pub mod vortex::layout

pub use vortex::layout::<<vortex_layout::*>>

pub mod vortex::mask

pub use vortex::mask::<<vortex_mask::*>>

pub mod vortex::metrics

pub use vortex::metrics::<<vortex_metrics::*>>

pub mod vortex::proto

pub use vortex::proto::<<vortex_proto::*>>

pub mod vortex::scalar

pub use vortex::scalar::<<vortex_array::scalar::*>>

pub mod vortex::scan

pub use vortex::scan::<<vortex_scan::*>>

pub mod vortex::session

pub use vortex::session::<<vortex_session::*>>

pub mod vortex::utils

pub use vortex::utils::<<vortex_utils::*>>

pub trait vortex::VortexSessionDefault

pub fn vortex::VortexSessionDefault::default() -> vortex_session::VortexSession

impl vortex::VortexSessionDefault for vortex_session::VortexSession

pub fn vortex_session::VortexSession::default() -> vortex_session::VortexSession
