pub mod vortex_btrblocks

pub use vortex_btrblocks::ArrayAndStats

pub use vortex_btrblocks::BoolStats

pub use vortex_btrblocks::CascadingCompressor

pub use vortex_btrblocks::CompressorContext

pub use vortex_btrblocks::FloatStats

pub use vortex_btrblocks::GenerateStatsOptions

pub use vortex_btrblocks::IntegerStats

pub use vortex_btrblocks::MAX_CASCADE

pub use vortex_btrblocks::Scheme

pub use vortex_btrblocks::SchemeExt

pub use vortex_btrblocks::SchemeId

pub use vortex_btrblocks::StringStats

pub use vortex_btrblocks::estimate_compression_ratio_with_sampling

pub use vortex_btrblocks::integer_dictionary_encode

pub mod vortex_btrblocks::schemes

pub mod vortex_btrblocks::schemes::bool

pub use vortex_btrblocks::schemes::bool::BoolConstantScheme

pub use vortex_btrblocks::schemes::bool::BoolStats

pub mod vortex_btrblocks::schemes::decimal

pub struct vortex_btrblocks::schemes::decimal::DecimalScheme

impl core::clone::Clone for vortex_btrblocks::schemes::decimal::DecimalScheme

pub fn vortex_btrblocks::schemes::decimal::DecimalScheme::clone(&self) -> vortex_btrblocks::schemes::decimal::DecimalScheme

impl core::cmp::Eq for vortex_btrblocks::schemes::decimal::DecimalScheme

impl core::cmp::PartialEq for vortex_btrblocks::schemes::decimal::DecimalScheme

pub fn vortex_btrblocks::schemes::decimal::DecimalScheme::eq(&self, other: &vortex_btrblocks::schemes::decimal::DecimalScheme) -> bool

impl core::fmt::Debug for vortex_btrblocks::schemes::decimal::DecimalScheme

pub fn vortex_btrblocks::schemes::decimal::DecimalScheme::fmt(&self, f: &mut core::fmt::Formatter<'_>) -> core::fmt::Result

impl core::marker::Copy for vortex_btrblocks::schemes::decimal::DecimalScheme

impl core::marker::StructuralPartialEq for vortex_btrblocks::schemes::decimal::DecimalScheme

impl vortex_compressor::scheme::Scheme for vortex_btrblocks::schemes::decimal::DecimalScheme

pub fn vortex_btrblocks::schemes::decimal::DecimalScheme::compress(&self, compressor: &vortex_compressor::compressor::CascadingCompressor, data: &mut vortex_compressor::stats::cache::ArrayAndStats, ctx: vortex_compressor::ctx::CompressorContext) -> vortex_error::VortexResult<vortex_array::array::erased::ArrayRef>

pub fn vortex_btrblocks::schemes::decimal::DecimalScheme::expected_compression_ratio(&self, _compressor: &vortex_compressor::compressor::CascadingCompressor, _data: &mut vortex_compressor::stats::cache::ArrayAndStats, _ctx: vortex_compressor::ctx::CompressorContext) -> vortex_error::VortexResult<f64>

pub fn vortex_btrblocks::schemes::decimal::DecimalScheme::matches(&self, canonical: &vortex_array::canonical::Canonical) -> bool

pub fn vortex_btrblocks::schemes::decimal::DecimalScheme::num_children(&self) -> usize

pub fn vortex_btrblocks::schemes::decimal::DecimalScheme::scheme_name(&self) -> &'static str

pub mod vortex_btrblocks::schemes::float

pub use vortex_btrblocks::schemes::float::FloatConstantScheme

pub use vortex_btrblocks::schemes::float::FloatDictScheme

pub use vortex_btrblocks::schemes::float::FloatStats

pub use vortex_btrblocks::schemes::float::is_float_primitive

pub struct vortex_btrblocks::schemes::float::ALPRDScheme

impl core::clone::Clone for vortex_btrblocks::schemes::float::ALPRDScheme

pub fn vortex_btrblocks::schemes::float::ALPRDScheme::clone(&self) -> vortex_btrblocks::schemes::float::ALPRDScheme

impl core::cmp::Eq for vortex_btrblocks::schemes::float::ALPRDScheme

impl core::cmp::PartialEq for vortex_btrblocks::schemes::float::ALPRDScheme

pub fn vortex_btrblocks::schemes::float::ALPRDScheme::eq(&self, other: &vortex_btrblocks::schemes::float::ALPRDScheme) -> bool

impl core::fmt::Debug for vortex_btrblocks::schemes::float::ALPRDScheme

pub fn vortex_btrblocks::schemes::float::ALPRDScheme::fmt(&self, f: &mut core::fmt::Formatter<'_>) -> core::fmt::Result

impl core::marker::Copy for vortex_btrblocks::schemes::float::ALPRDScheme

impl core::marker::StructuralPartialEq for vortex_btrblocks::schemes::float::ALPRDScheme

impl vortex_compressor::scheme::Scheme for vortex_btrblocks::schemes::float::ALPRDScheme

pub fn vortex_btrblocks::schemes::float::ALPRDScheme::compress(&self, _compressor: &vortex_compressor::compressor::CascadingCompressor, data: &mut vortex_compressor::stats::cache::ArrayAndStats, _ctx: vortex_compressor::ctx::CompressorContext) -> vortex_error::VortexResult<vortex_array::array::erased::ArrayRef>

pub fn vortex_btrblocks::schemes::float::ALPRDScheme::expected_compression_ratio(&self, compressor: &vortex_compressor::compressor::CascadingCompressor, data: &mut vortex_compressor::stats::cache::ArrayAndStats, ctx: vortex_compressor::ctx::CompressorContext) -> vortex_error::VortexResult<f64>

pub fn vortex_btrblocks::schemes::float::ALPRDScheme::matches(&self, canonical: &vortex_array::canonical::Canonical) -> bool

pub fn vortex_btrblocks::schemes::float::ALPRDScheme::scheme_name(&self) -> &'static str

pub struct vortex_btrblocks::schemes::float::ALPScheme

impl core::clone::Clone for vortex_btrblocks::schemes::float::ALPScheme

pub fn vortex_btrblocks::schemes::float::ALPScheme::clone(&self) -> vortex_btrblocks::schemes::float::ALPScheme

impl core::cmp::Eq for vortex_btrblocks::schemes::float::ALPScheme

impl core::cmp::PartialEq for vortex_btrblocks::schemes::float::ALPScheme

pub fn vortex_btrblocks::schemes::float::ALPScheme::eq(&self, other: &vortex_btrblocks::schemes::float::ALPScheme) -> bool

impl core::fmt::Debug for vortex_btrblocks::schemes::float::ALPScheme

pub fn vortex_btrblocks::schemes::float::ALPScheme::fmt(&self, f: &mut core::fmt::Formatter<'_>) -> core::fmt::Result

impl core::marker::Copy for vortex_btrblocks::schemes::float::ALPScheme

impl core::marker::StructuralPartialEq for vortex_btrblocks::schemes::float::ALPScheme

impl vortex_compressor::scheme::Scheme for vortex_btrblocks::schemes::float::ALPScheme

pub fn vortex_btrblocks::schemes::float::ALPScheme::compress(&self, compressor: &vortex_compressor::compressor::CascadingCompressor, data: &mut vortex_compressor::stats::cache::ArrayAndStats, ctx: vortex_compressor::ctx::CompressorContext) -> vortex_error::VortexResult<vortex_array::array::erased::ArrayRef>

pub fn vortex_btrblocks::schemes::float::ALPScheme::expected_compression_ratio(&self, compressor: &vortex_compressor::compressor::CascadingCompressor, data: &mut vortex_compressor::stats::cache::ArrayAndStats, ctx: vortex_compressor::ctx::CompressorContext) -> vortex_error::VortexResult<f64>

pub fn vortex_btrblocks::schemes::float::ALPScheme::matches(&self, canonical: &vortex_array::canonical::Canonical) -> bool

pub fn vortex_btrblocks::schemes::float::ALPScheme::num_children(&self) -> usize

pub fn vortex_btrblocks::schemes::float::ALPScheme::scheme_name(&self) -> &'static str

pub struct vortex_btrblocks::schemes::float::NullDominatedSparseScheme

impl core::clone::Clone for vortex_btrblocks::schemes::float::NullDominatedSparseScheme

pub fn vortex_btrblocks::schemes::float::NullDominatedSparseScheme::clone(&self) -> vortex_btrblocks::schemes::float::NullDominatedSparseScheme

impl core::cmp::Eq for vortex_btrblocks::schemes::float::NullDominatedSparseScheme

impl core::cmp::PartialEq for vortex_btrblocks::schemes::float::NullDominatedSparseScheme

pub fn vortex_btrblocks::schemes::float::NullDominatedSparseScheme::eq(&self, other: &vortex_btrblocks::schemes::float::NullDominatedSparseScheme) -> bool

impl core::fmt::Debug for vortex_btrblocks::schemes::float::NullDominatedSparseScheme

pub fn vortex_btrblocks::schemes::float::NullDominatedSparseScheme::fmt(&self, f: &mut core::fmt::Formatter<'_>) -> core::fmt::Result

impl core::marker::Copy for vortex_btrblocks::schemes::float::NullDominatedSparseScheme

impl core::marker::StructuralPartialEq for vortex_btrblocks::schemes::float::NullDominatedSparseScheme

impl vortex_compressor::scheme::Scheme for vortex_btrblocks::schemes::float::NullDominatedSparseScheme

pub fn vortex_btrblocks::schemes::float::NullDominatedSparseScheme::compress(&self, compressor: &vortex_compressor::compressor::CascadingCompressor, data: &mut vortex_compressor::stats::cache::ArrayAndStats, ctx: vortex_compressor::ctx::CompressorContext) -> vortex_error::VortexResult<vortex_array::array::erased::ArrayRef>

pub fn vortex_btrblocks::schemes::float::NullDominatedSparseScheme::descendant_exclusions(&self) -> alloc::vec::Vec<vortex_compressor::scheme::DescendantExclusion>

pub fn vortex_btrblocks::schemes::float::NullDominatedSparseScheme::expected_compression_ratio(&self, _compressor: &vortex_compressor::compressor::CascadingCompressor, data: &mut vortex_compressor::stats::cache::ArrayAndStats, _ctx: vortex_compressor::ctx::CompressorContext) -> vortex_error::VortexResult<f64>

pub fn vortex_btrblocks::schemes::float::NullDominatedSparseScheme::matches(&self, canonical: &vortex_array::canonical::Canonical) -> bool

pub fn vortex_btrblocks::schemes::float::NullDominatedSparseScheme::num_children(&self) -> usize

pub fn vortex_btrblocks::schemes::float::NullDominatedSparseScheme::scheme_name(&self) -> &'static str

pub struct vortex_btrblocks::schemes::float::PcoScheme

impl core::clone::Clone for vortex_btrblocks::schemes::float::PcoScheme

pub fn vortex_btrblocks::schemes::float::PcoScheme::clone(&self) -> vortex_btrblocks::schemes::float::PcoScheme

impl core::cmp::Eq for vortex_btrblocks::schemes::float::PcoScheme

impl core::cmp::PartialEq for vortex_btrblocks::schemes::float::PcoScheme

pub fn vortex_btrblocks::schemes::float::PcoScheme::eq(&self, other: &vortex_btrblocks::schemes::float::PcoScheme) -> bool

impl core::fmt::Debug for vortex_btrblocks::schemes::float::PcoScheme

pub fn vortex_btrblocks::schemes::float::PcoScheme::fmt(&self, f: &mut core::fmt::Formatter<'_>) -> core::fmt::Result

impl core::marker::Copy for vortex_btrblocks::schemes::float::PcoScheme

impl core::marker::StructuralPartialEq for vortex_btrblocks::schemes::float::PcoScheme

impl vortex_compressor::scheme::Scheme for vortex_btrblocks::schemes::float::PcoScheme

pub fn vortex_btrblocks::schemes::float::PcoScheme::compress(&self, _compressor: &vortex_compressor::compressor::CascadingCompressor, data: &mut vortex_compressor::stats::cache::ArrayAndStats, _ctx: vortex_compressor::ctx::CompressorContext) -> vortex_error::VortexResult<vortex_array::array::erased::ArrayRef>

pub fn vortex_btrblocks::schemes::float::PcoScheme::matches(&self, canonical: &vortex_array::canonical::Canonical) -> bool

pub fn vortex_btrblocks::schemes::float::PcoScheme::scheme_name(&self) -> &'static str

pub const vortex_btrblocks::schemes::float::RLE_FLOAT_SCHEME: vortex_btrblocks::schemes::rle::RLEScheme<vortex_btrblocks::schemes::rle::FloatRLEConfig>

pub mod vortex_btrblocks::schemes::integer

pub use vortex_btrblocks::schemes::integer::IntConstantScheme

pub use vortex_btrblocks::schemes::integer::IntDictScheme

pub use vortex_btrblocks::schemes::integer::IntegerStats

pub use vortex_btrblocks::schemes::integer::is_integer_primitive

pub struct vortex_btrblocks::schemes::integer::BitPackingScheme

impl core::clone::Clone for vortex_btrblocks::schemes::integer::BitPackingScheme

pub fn vortex_btrblocks::schemes::integer::BitPackingScheme::clone(&self) -> vortex_btrblocks::schemes::integer::BitPackingScheme

impl core::cmp::Eq for vortex_btrblocks::schemes::integer::BitPackingScheme

impl core::cmp::PartialEq for vortex_btrblocks::schemes::integer::BitPackingScheme

pub fn vortex_btrblocks::schemes::integer::BitPackingScheme::eq(&self, other: &vortex_btrblocks::schemes::integer::BitPackingScheme) -> bool

impl core::fmt::Debug for vortex_btrblocks::schemes::integer::BitPackingScheme

pub fn vortex_btrblocks::schemes::integer::BitPackingScheme::fmt(&self, f: &mut core::fmt::Formatter<'_>) -> core::fmt::Result

impl core::marker::Copy for vortex_btrblocks::schemes::integer::BitPackingScheme

impl core::marker::StructuralPartialEq for vortex_btrblocks::schemes::integer::BitPackingScheme

impl vortex_compressor::scheme::Scheme for vortex_btrblocks::schemes::integer::BitPackingScheme

pub fn vortex_btrblocks::schemes::integer::BitPackingScheme::compress(&self, _compressor: &vortex_compressor::compressor::CascadingCompressor, data: &mut vortex_compressor::stats::cache::ArrayAndStats, _ctx: vortex_compressor::ctx::CompressorContext) -> vortex_error::VortexResult<vortex_array::array::erased::ArrayRef>

pub fn vortex_btrblocks::schemes::integer::BitPackingScheme::expected_compression_ratio(&self, compressor: &vortex_compressor::compressor::CascadingCompressor, data: &mut vortex_compressor::stats::cache::ArrayAndStats, ctx: vortex_compressor::ctx::CompressorContext) -> vortex_error::VortexResult<f64>

pub fn vortex_btrblocks::schemes::integer::BitPackingScheme::matches(&self, canonical: &vortex_array::canonical::Canonical) -> bool

pub fn vortex_btrblocks::schemes::integer::BitPackingScheme::scheme_name(&self) -> &'static str

pub struct vortex_btrblocks::schemes::integer::FoRScheme

impl core::clone::Clone for vortex_btrblocks::schemes::integer::FoRScheme

pub fn vortex_btrblocks::schemes::integer::FoRScheme::clone(&self) -> vortex_btrblocks::schemes::integer::FoRScheme

impl core::cmp::Eq for vortex_btrblocks::schemes::integer::FoRScheme

impl core::cmp::PartialEq for vortex_btrblocks::schemes::integer::FoRScheme

pub fn vortex_btrblocks::schemes::integer::FoRScheme::eq(&self, other: &vortex_btrblocks::schemes::integer::FoRScheme) -> bool

impl core::fmt::Debug for vortex_btrblocks::schemes::integer::FoRScheme

pub fn vortex_btrblocks::schemes::integer::FoRScheme::fmt(&self, f: &mut core::fmt::Formatter<'_>) -> core::fmt::Result

impl core::marker::Copy for vortex_btrblocks::schemes::integer::FoRScheme

impl core::marker::StructuralPartialEq for vortex_btrblocks::schemes::integer::FoRScheme

impl vortex_compressor::scheme::Scheme for vortex_btrblocks::schemes::integer::FoRScheme

pub fn vortex_btrblocks::schemes::integer::FoRScheme::ancestor_exclusions(&self) -> alloc::vec::Vec<vortex_compressor::scheme::AncestorExclusion>

pub fn vortex_btrblocks::schemes::integer::FoRScheme::compress(&self, compressor: &vortex_compressor::compressor::CascadingCompressor, data: &mut vortex_compressor::stats::cache::ArrayAndStats, ctx: vortex_compressor::ctx::CompressorContext) -> vortex_error::VortexResult<vortex_array::array::erased::ArrayRef>

pub fn vortex_btrblocks::schemes::integer::FoRScheme::expected_compression_ratio(&self, _compressor: &vortex_compressor::compressor::CascadingCompressor, data: &mut vortex_compressor::stats::cache::ArrayAndStats, ctx: vortex_compressor::ctx::CompressorContext) -> vortex_error::VortexResult<f64>

pub fn vortex_btrblocks::schemes::integer::FoRScheme::matches(&self, canonical: &vortex_array::canonical::Canonical) -> bool

pub fn vortex_btrblocks::schemes::integer::FoRScheme::scheme_name(&self) -> &'static str

pub struct vortex_btrblocks::schemes::integer::PcoScheme

impl core::clone::Clone for vortex_btrblocks::schemes::integer::PcoScheme

pub fn vortex_btrblocks::schemes::integer::PcoScheme::clone(&self) -> vortex_btrblocks::schemes::integer::PcoScheme

impl core::cmp::Eq for vortex_btrblocks::schemes::integer::PcoScheme

impl core::cmp::PartialEq for vortex_btrblocks::schemes::integer::PcoScheme

pub fn vortex_btrblocks::schemes::integer::PcoScheme::eq(&self, other: &vortex_btrblocks::schemes::integer::PcoScheme) -> bool

impl core::fmt::Debug for vortex_btrblocks::schemes::integer::PcoScheme

pub fn vortex_btrblocks::schemes::integer::PcoScheme::fmt(&self, f: &mut core::fmt::Formatter<'_>) -> core::fmt::Result

impl core::marker::Copy for vortex_btrblocks::schemes::integer::PcoScheme

impl core::marker::StructuralPartialEq for vortex_btrblocks::schemes::integer::PcoScheme

impl vortex_compressor::scheme::Scheme for vortex_btrblocks::schemes::integer::PcoScheme

pub fn vortex_btrblocks::schemes::integer::PcoScheme::compress(&self, _compressor: &vortex_compressor::compressor::CascadingCompressor, data: &mut vortex_compressor::stats::cache::ArrayAndStats, _ctx: vortex_compressor::ctx::CompressorContext) -> vortex_error::VortexResult<vortex_array::array::erased::ArrayRef>

pub fn vortex_btrblocks::schemes::integer::PcoScheme::expected_compression_ratio(&self, compressor: &vortex_compressor::compressor::CascadingCompressor, data: &mut vortex_compressor::stats::cache::ArrayAndStats, ctx: vortex_compressor::ctx::CompressorContext) -> vortex_error::VortexResult<f64>

pub fn vortex_btrblocks::schemes::integer::PcoScheme::matches(&self, canonical: &vortex_array::canonical::Canonical) -> bool

pub fn vortex_btrblocks::schemes::integer::PcoScheme::scheme_name(&self) -> &'static str

pub struct vortex_btrblocks::schemes::integer::RunEndScheme

impl core::clone::Clone for vortex_btrblocks::schemes::integer::RunEndScheme

pub fn vortex_btrblocks::schemes::integer::RunEndScheme::clone(&self) -> vortex_btrblocks::schemes::integer::RunEndScheme

impl core::cmp::Eq for vortex_btrblocks::schemes::integer::RunEndScheme

impl core::cmp::PartialEq for vortex_btrblocks::schemes::integer::RunEndScheme

pub fn vortex_btrblocks::schemes::integer::RunEndScheme::eq(&self, other: &vortex_btrblocks::schemes::integer::RunEndScheme) -> bool

impl core::fmt::Debug for vortex_btrblocks::schemes::integer::RunEndScheme

pub fn vortex_btrblocks::schemes::integer::RunEndScheme::fmt(&self, f: &mut core::fmt::Formatter<'_>) -> core::fmt::Result

impl core::marker::Copy for vortex_btrblocks::schemes::integer::RunEndScheme

impl core::marker::StructuralPartialEq for vortex_btrblocks::schemes::integer::RunEndScheme

impl vortex_compressor::scheme::Scheme for vortex_btrblocks::schemes::integer::RunEndScheme

pub fn vortex_btrblocks::schemes::integer::RunEndScheme::ancestor_exclusions(&self) -> alloc::vec::Vec<vortex_compressor::scheme::AncestorExclusion>

pub fn vortex_btrblocks::schemes::integer::RunEndScheme::compress(&self, compressor: &vortex_compressor::compressor::CascadingCompressor, data: &mut vortex_compressor::stats::cache::ArrayAndStats, ctx: vortex_compressor::ctx::CompressorContext) -> vortex_error::VortexResult<vortex_array::array::erased::ArrayRef>

pub fn vortex_btrblocks::schemes::integer::RunEndScheme::descendant_exclusions(&self) -> alloc::vec::Vec<vortex_compressor::scheme::DescendantExclusion>

pub fn vortex_btrblocks::schemes::integer::RunEndScheme::expected_compression_ratio(&self, compressor: &vortex_compressor::compressor::CascadingCompressor, data: &mut vortex_compressor::stats::cache::ArrayAndStats, ctx: vortex_compressor::ctx::CompressorContext) -> vortex_error::VortexResult<f64>

pub fn vortex_btrblocks::schemes::integer::RunEndScheme::matches(&self, canonical: &vortex_array::canonical::Canonical) -> bool

pub fn vortex_btrblocks::schemes::integer::RunEndScheme::num_children(&self) -> usize

pub fn vortex_btrblocks::schemes::integer::RunEndScheme::scheme_name(&self) -> &'static str

pub struct vortex_btrblocks::schemes::integer::SequenceScheme

impl core::clone::Clone for vortex_btrblocks::schemes::integer::SequenceScheme

pub fn vortex_btrblocks::schemes::integer::SequenceScheme::clone(&self) -> vortex_btrblocks::schemes::integer::SequenceScheme

impl core::cmp::Eq for vortex_btrblocks::schemes::integer::SequenceScheme

impl core::cmp::PartialEq for vortex_btrblocks::schemes::integer::SequenceScheme

pub fn vortex_btrblocks::schemes::integer::SequenceScheme::eq(&self, other: &vortex_btrblocks::schemes::integer::SequenceScheme) -> bool

impl core::fmt::Debug for vortex_btrblocks::schemes::integer::SequenceScheme

pub fn vortex_btrblocks::schemes::integer::SequenceScheme::fmt(&self, f: &mut core::fmt::Formatter<'_>) -> core::fmt::Result

impl core::marker::Copy for vortex_btrblocks::schemes::integer::SequenceScheme

impl core::marker::StructuralPartialEq for vortex_btrblocks::schemes::integer::SequenceScheme

impl vortex_compressor::scheme::Scheme for vortex_btrblocks::schemes::integer::SequenceScheme

pub fn vortex_btrblocks::schemes::integer::SequenceScheme::ancestor_exclusions(&self) -> alloc::vec::Vec<vortex_compressor::scheme::AncestorExclusion>

pub fn vortex_btrblocks::schemes::integer::SequenceScheme::compress(&self, _compressor: &vortex_compressor::compressor::CascadingCompressor, data: &mut vortex_compressor::stats::cache::ArrayAndStats, _ctx: vortex_compressor::ctx::CompressorContext) -> vortex_error::VortexResult<vortex_array::array::erased::ArrayRef>

pub fn vortex_btrblocks::schemes::integer::SequenceScheme::expected_compression_ratio(&self, _compressor: &vortex_compressor::compressor::CascadingCompressor, data: &mut vortex_compressor::stats::cache::ArrayAndStats, _ctx: vortex_compressor::ctx::CompressorContext) -> vortex_error::VortexResult<f64>

pub fn vortex_btrblocks::schemes::integer::SequenceScheme::matches(&self, canonical: &vortex_array::canonical::Canonical) -> bool

pub fn vortex_btrblocks::schemes::integer::SequenceScheme::scheme_name(&self) -> &'static str

pub struct vortex_btrblocks::schemes::integer::SparseScheme

impl core::clone::Clone for vortex_btrblocks::schemes::integer::SparseScheme

pub fn vortex_btrblocks::schemes::integer::SparseScheme::clone(&self) -> vortex_btrblocks::schemes::integer::SparseScheme

impl core::cmp::Eq for vortex_btrblocks::schemes::integer::SparseScheme

impl core::cmp::PartialEq for vortex_btrblocks::schemes::integer::SparseScheme

pub fn vortex_btrblocks::schemes::integer::SparseScheme::eq(&self, other: &vortex_btrblocks::schemes::integer::SparseScheme) -> bool

impl core::fmt::Debug for vortex_btrblocks::schemes::integer::SparseScheme

pub fn vortex_btrblocks::schemes::integer::SparseScheme::fmt(&self, f: &mut core::fmt::Formatter<'_>) -> core::fmt::Result

impl core::marker::Copy for vortex_btrblocks::schemes::integer::SparseScheme

impl core::marker::StructuralPartialEq for vortex_btrblocks::schemes::integer::SparseScheme

impl vortex_compressor::scheme::Scheme for vortex_btrblocks::schemes::integer::SparseScheme

pub fn vortex_btrblocks::schemes::integer::SparseScheme::compress(&self, compressor: &vortex_compressor::compressor::CascadingCompressor, data: &mut vortex_compressor::stats::cache::ArrayAndStats, ctx: vortex_compressor::ctx::CompressorContext) -> vortex_error::VortexResult<vortex_array::array::erased::ArrayRef>

pub fn vortex_btrblocks::schemes::integer::SparseScheme::descendant_exclusions(&self) -> alloc::vec::Vec<vortex_compressor::scheme::DescendantExclusion>

pub fn vortex_btrblocks::schemes::integer::SparseScheme::expected_compression_ratio(&self, _compressor: &vortex_compressor::compressor::CascadingCompressor, data: &mut vortex_compressor::stats::cache::ArrayAndStats, _ctx: vortex_compressor::ctx::CompressorContext) -> vortex_error::VortexResult<f64>

pub fn vortex_btrblocks::schemes::integer::SparseScheme::matches(&self, canonical: &vortex_array::canonical::Canonical) -> bool

pub fn vortex_btrblocks::schemes::integer::SparseScheme::num_children(&self) -> usize

pub fn vortex_btrblocks::schemes::integer::SparseScheme::scheme_name(&self) -> &'static str

pub fn vortex_btrblocks::schemes::integer::SparseScheme::stats_options(&self) -> vortex_compressor::stats::options::GenerateStatsOptions

pub struct vortex_btrblocks::schemes::integer::ZigZagScheme

impl core::clone::Clone for vortex_btrblocks::schemes::integer::ZigZagScheme

pub fn vortex_btrblocks::schemes::integer::ZigZagScheme::clone(&self) -> vortex_btrblocks::schemes::integer::ZigZagScheme

impl core::cmp::Eq for vortex_btrblocks::schemes::integer::ZigZagScheme

impl core::cmp::PartialEq for vortex_btrblocks::schemes::integer::ZigZagScheme

pub fn vortex_btrblocks::schemes::integer::ZigZagScheme::eq(&self, other: &vortex_btrblocks::schemes::integer::ZigZagScheme) -> bool

impl core::fmt::Debug for vortex_btrblocks::schemes::integer::ZigZagScheme

pub fn vortex_btrblocks::schemes::integer::ZigZagScheme::fmt(&self, f: &mut core::fmt::Formatter<'_>) -> core::fmt::Result

impl core::marker::Copy for vortex_btrblocks::schemes::integer::ZigZagScheme

impl core::marker::StructuralPartialEq for vortex_btrblocks::schemes::integer::ZigZagScheme

impl vortex_compressor::scheme::Scheme for vortex_btrblocks::schemes::integer::ZigZagScheme

pub fn vortex_btrblocks::schemes::integer::ZigZagScheme::ancestor_exclusions(&self) -> alloc::vec::Vec<vortex_compressor::scheme::AncestorExclusion>

pub fn vortex_btrblocks::schemes::integer::ZigZagScheme::compress(&self, compressor: &vortex_compressor::compressor::CascadingCompressor, data: &mut vortex_compressor::stats::cache::ArrayAndStats, ctx: vortex_compressor::ctx::CompressorContext) -> vortex_error::VortexResult<vortex_array::array::erased::ArrayRef>

pub fn vortex_btrblocks::schemes::integer::ZigZagScheme::descendant_exclusions(&self) -> alloc::vec::Vec<vortex_compressor::scheme::DescendantExclusion>

pub fn vortex_btrblocks::schemes::integer::ZigZagScheme::expected_compression_ratio(&self, compressor: &vortex_compressor::compressor::CascadingCompressor, data: &mut vortex_compressor::stats::cache::ArrayAndStats, ctx: vortex_compressor::ctx::CompressorContext) -> vortex_error::VortexResult<f64>

pub fn vortex_btrblocks::schemes::integer::ZigZagScheme::matches(&self, canonical: &vortex_array::canonical::Canonical) -> bool

pub fn vortex_btrblocks::schemes::integer::ZigZagScheme::num_children(&self) -> usize

pub fn vortex_btrblocks::schemes::integer::ZigZagScheme::scheme_name(&self) -> &'static str

pub const vortex_btrblocks::schemes::integer::RLE_INTEGER_SCHEME: vortex_btrblocks::schemes::rle::RLEScheme<vortex_btrblocks::schemes::rle::IntRLEConfig>

pub mod vortex_btrblocks::schemes::string

pub use vortex_btrblocks::schemes::string::StringConstantScheme

pub use vortex_btrblocks::schemes::string::StringDictScheme

pub use vortex_btrblocks::schemes::string::StringStats

pub use vortex_btrblocks::schemes::string::is_utf8_string

pub struct vortex_btrblocks::schemes::string::FSSTScheme

impl core::clone::Clone for vortex_btrblocks::schemes::string::FSSTScheme

pub fn vortex_btrblocks::schemes::string::FSSTScheme::clone(&self) -> vortex_btrblocks::schemes::string::FSSTScheme

impl core::cmp::Eq for vortex_btrblocks::schemes::string::FSSTScheme

impl core::cmp::PartialEq for vortex_btrblocks::schemes::string::FSSTScheme

pub fn vortex_btrblocks::schemes::string::FSSTScheme::eq(&self, other: &vortex_btrblocks::schemes::string::FSSTScheme) -> bool

impl core::fmt::Debug for vortex_btrblocks::schemes::string::FSSTScheme

pub fn vortex_btrblocks::schemes::string::FSSTScheme::fmt(&self, f: &mut core::fmt::Formatter<'_>) -> core::fmt::Result

impl core::marker::Copy for vortex_btrblocks::schemes::string::FSSTScheme

impl core::marker::StructuralPartialEq for vortex_btrblocks::schemes::string::FSSTScheme

impl vortex_compressor::scheme::Scheme for vortex_btrblocks::schemes::string::FSSTScheme

pub fn vortex_btrblocks::schemes::string::FSSTScheme::compress(&self, compressor: &vortex_compressor::compressor::CascadingCompressor, data: &mut vortex_compressor::stats::cache::ArrayAndStats, ctx: vortex_compressor::ctx::CompressorContext) -> vortex_error::VortexResult<vortex_array::array::erased::ArrayRef>

pub fn vortex_btrblocks::schemes::string::FSSTScheme::matches(&self, canonical: &vortex_array::canonical::Canonical) -> bool

pub fn vortex_btrblocks::schemes::string::FSSTScheme::num_children(&self) -> usize

pub fn vortex_btrblocks::schemes::string::FSSTScheme::scheme_name(&self) -> &'static str

pub struct vortex_btrblocks::schemes::string::NullDominatedSparseScheme

impl core::clone::Clone for vortex_btrblocks::schemes::string::NullDominatedSparseScheme

pub fn vortex_btrblocks::schemes::string::NullDominatedSparseScheme::clone(&self) -> vortex_btrblocks::schemes::string::NullDominatedSparseScheme

impl core::cmp::Eq for vortex_btrblocks::schemes::string::NullDominatedSparseScheme

impl core::cmp::PartialEq for vortex_btrblocks::schemes::string::NullDominatedSparseScheme

pub fn vortex_btrblocks::schemes::string::NullDominatedSparseScheme::eq(&self, other: &vortex_btrblocks::schemes::string::NullDominatedSparseScheme) -> bool

impl core::fmt::Debug for vortex_btrblocks::schemes::string::NullDominatedSparseScheme

pub fn vortex_btrblocks::schemes::string::NullDominatedSparseScheme::fmt(&self, f: &mut core::fmt::Formatter<'_>) -> core::fmt::Result

impl core::marker::Copy for vortex_btrblocks::schemes::string::NullDominatedSparseScheme

impl core::marker::StructuralPartialEq for vortex_btrblocks::schemes::string::NullDominatedSparseScheme

impl vortex_compressor::scheme::Scheme for vortex_btrblocks::schemes::string::NullDominatedSparseScheme

pub fn vortex_btrblocks::schemes::string::NullDominatedSparseScheme::compress(&self, compressor: &vortex_compressor::compressor::CascadingCompressor, data: &mut vortex_compressor::stats::cache::ArrayAndStats, ctx: vortex_compressor::ctx::CompressorContext) -> vortex_error::VortexResult<vortex_array::array::erased::ArrayRef>

pub fn vortex_btrblocks::schemes::string::NullDominatedSparseScheme::descendant_exclusions(&self) -> alloc::vec::Vec<vortex_compressor::scheme::DescendantExclusion>

pub fn vortex_btrblocks::schemes::string::NullDominatedSparseScheme::expected_compression_ratio(&self, _compressor: &vortex_compressor::compressor::CascadingCompressor, data: &mut vortex_compressor::stats::cache::ArrayAndStats, _ctx: vortex_compressor::ctx::CompressorContext) -> vortex_error::VortexResult<f64>

pub fn vortex_btrblocks::schemes::string::NullDominatedSparseScheme::matches(&self, canonical: &vortex_array::canonical::Canonical) -> bool

pub fn vortex_btrblocks::schemes::string::NullDominatedSparseScheme::num_children(&self) -> usize

pub fn vortex_btrblocks::schemes::string::NullDominatedSparseScheme::scheme_name(&self) -> &'static str

pub struct vortex_btrblocks::schemes::string::ZstdScheme

impl core::clone::Clone for vortex_btrblocks::schemes::string::ZstdScheme

pub fn vortex_btrblocks::schemes::string::ZstdScheme::clone(&self) -> vortex_btrblocks::schemes::string::ZstdScheme

impl core::cmp::Eq for vortex_btrblocks::schemes::string::ZstdScheme

impl core::cmp::PartialEq for vortex_btrblocks::schemes::string::ZstdScheme

pub fn vortex_btrblocks::schemes::string::ZstdScheme::eq(&self, other: &vortex_btrblocks::schemes::string::ZstdScheme) -> bool

impl core::fmt::Debug for vortex_btrblocks::schemes::string::ZstdScheme

pub fn vortex_btrblocks::schemes::string::ZstdScheme::fmt(&self, f: &mut core::fmt::Formatter<'_>) -> core::fmt::Result

impl core::marker::Copy for vortex_btrblocks::schemes::string::ZstdScheme

impl core::marker::StructuralPartialEq for vortex_btrblocks::schemes::string::ZstdScheme

impl vortex_compressor::scheme::Scheme for vortex_btrblocks::schemes::string::ZstdScheme

pub fn vortex_btrblocks::schemes::string::ZstdScheme::compress(&self, _compressor: &vortex_compressor::compressor::CascadingCompressor, data: &mut vortex_compressor::stats::cache::ArrayAndStats, _ctx: vortex_compressor::ctx::CompressorContext) -> vortex_error::VortexResult<vortex_array::array::erased::ArrayRef>

pub fn vortex_btrblocks::schemes::string::ZstdScheme::matches(&self, canonical: &vortex_array::canonical::Canonical) -> bool

pub fn vortex_btrblocks::schemes::string::ZstdScheme::scheme_name(&self) -> &'static str

pub mod vortex_btrblocks::schemes::temporal

pub struct vortex_btrblocks::schemes::temporal::TemporalScheme

impl core::clone::Clone for vortex_btrblocks::schemes::temporal::TemporalScheme

pub fn vortex_btrblocks::schemes::temporal::TemporalScheme::clone(&self) -> vortex_btrblocks::schemes::temporal::TemporalScheme

impl core::cmp::Eq for vortex_btrblocks::schemes::temporal::TemporalScheme

impl core::cmp::PartialEq for vortex_btrblocks::schemes::temporal::TemporalScheme

pub fn vortex_btrblocks::schemes::temporal::TemporalScheme::eq(&self, other: &vortex_btrblocks::schemes::temporal::TemporalScheme) -> bool

impl core::fmt::Debug for vortex_btrblocks::schemes::temporal::TemporalScheme

pub fn vortex_btrblocks::schemes::temporal::TemporalScheme::fmt(&self, f: &mut core::fmt::Formatter<'_>) -> core::fmt::Result

impl core::marker::Copy for vortex_btrblocks::schemes::temporal::TemporalScheme

impl core::marker::StructuralPartialEq for vortex_btrblocks::schemes::temporal::TemporalScheme

impl vortex_compressor::scheme::Scheme for vortex_btrblocks::schemes::temporal::TemporalScheme

pub fn vortex_btrblocks::schemes::temporal::TemporalScheme::compress(&self, compressor: &vortex_compressor::compressor::CascadingCompressor, data: &mut vortex_compressor::stats::cache::ArrayAndStats, ctx: vortex_compressor::ctx::CompressorContext) -> vortex_error::VortexResult<vortex_array::array::erased::ArrayRef>

pub fn vortex_btrblocks::schemes::temporal::TemporalScheme::detects_constant(&self) -> bool

pub fn vortex_btrblocks::schemes::temporal::TemporalScheme::expected_compression_ratio(&self, _compressor: &vortex_compressor::compressor::CascadingCompressor, _data: &mut vortex_compressor::stats::cache::ArrayAndStats, _ctx: vortex_compressor::ctx::CompressorContext) -> vortex_error::VortexResult<f64>

pub fn vortex_btrblocks::schemes::temporal::TemporalScheme::matches(&self, canonical: &vortex_array::canonical::Canonical) -> bool

pub fn vortex_btrblocks::schemes::temporal::TemporalScheme::num_children(&self) -> usize

pub fn vortex_btrblocks::schemes::temporal::TemporalScheme::scheme_name(&self) -> &'static str

pub struct vortex_btrblocks::BtrBlocksCompressor(pub vortex_compressor::compressor::CascadingCompressor)

impl vortex_btrblocks::BtrBlocksCompressor

pub fn vortex_btrblocks::BtrBlocksCompressor::compress(&self, array: &vortex_array::array::erased::ArrayRef) -> vortex_error::VortexResult<vortex_array::array::erased::ArrayRef>

impl core::clone::Clone for vortex_btrblocks::BtrBlocksCompressor

pub fn vortex_btrblocks::BtrBlocksCompressor::clone(&self) -> vortex_btrblocks::BtrBlocksCompressor

impl core::default::Default for vortex_btrblocks::BtrBlocksCompressor

pub fn vortex_btrblocks::BtrBlocksCompressor::default() -> Self

impl core::ops::deref::Deref for vortex_btrblocks::BtrBlocksCompressor

pub type vortex_btrblocks::BtrBlocksCompressor::Target = vortex_compressor::compressor::CascadingCompressor

pub fn vortex_btrblocks::BtrBlocksCompressor::deref(&self) -> &vortex_compressor::compressor::CascadingCompressor

pub struct vortex_btrblocks::BtrBlocksCompressorBuilder

impl vortex_btrblocks::BtrBlocksCompressorBuilder

pub fn vortex_btrblocks::BtrBlocksCompressorBuilder::build(self) -> vortex_btrblocks::BtrBlocksCompressor

pub fn vortex_btrblocks::BtrBlocksCompressorBuilder::exclude(self, ids: impl core::iter::traits::collect::IntoIterator<Item = vortex_compressor::scheme::SchemeId>) -> Self

pub fn vortex_btrblocks::BtrBlocksCompressorBuilder::include(self, ids: impl core::iter::traits::collect::IntoIterator<Item = vortex_compressor::scheme::SchemeId>) -> Self

impl core::clone::Clone for vortex_btrblocks::BtrBlocksCompressorBuilder

pub fn vortex_btrblocks::BtrBlocksCompressorBuilder::clone(&self) -> vortex_btrblocks::BtrBlocksCompressorBuilder

impl core::default::Default for vortex_btrblocks::BtrBlocksCompressorBuilder

pub fn vortex_btrblocks::BtrBlocksCompressorBuilder::default() -> Self

impl core::fmt::Debug for vortex_btrblocks::BtrBlocksCompressorBuilder

pub fn vortex_btrblocks::BtrBlocksCompressorBuilder::fmt(&self, f: &mut core::fmt::Formatter<'_>) -> core::fmt::Result

pub const vortex_btrblocks::ALL_SCHEMES: &[&dyn vortex_compressor::scheme::Scheme]

pub fn vortex_btrblocks::compress_patches(patches: vortex_array::patches::Patches) -> vortex_error::VortexResult<vortex_array::patches::Patches>

pub fn vortex_btrblocks::default_excluded() -> vortex_utils::aliases::hash_set::HashSet<vortex_compressor::scheme::SchemeId>
